// !$*UTF8*$!
{
	archiveVersion = 1;
	classes = {
	};
	objectVersion = 46;
	objects = {

/* Begin PBXBuildFile section */
		E5BC969519DC55E7006093AD /* AppDelegate.swift in Sources */ = {isa = PBXBuildFile; fileRef = E5BC969419DC55E7006093AD /* AppDelegate.swift */; };
		E5BC969719DC55E7006093AD /* MasterViewController.swift in Sources */ = {isa = PBXBuildFile; fileRef = E5BC969619DC55E7006093AD /* MasterViewController.swift */; };
		E5BC969919DC55E7006093AD /* DetailViewController.swift in Sources */ = {isa = PBXBuildFile; fileRef = E5BC969819DC55E7006093AD /* DetailViewController.swift */; };
		E5BC969C19DC55E7006093AD /* Main.storyboard in Resources */ = {isa = PBXBuildFile; fileRef = E5BC969A19DC55E7006093AD /* Main.storyboard */; };
		E5BC969E19DC55E7006093AD /* Images.xcassets in Resources */ = {isa = PBXBuildFile; fileRef = E5BC969D19DC55E7006093AD /* Images.xcassets */; };
		E5BC96A119DC55E7006093AD /* LaunchScreen.xib in Resources */ = {isa = PBXBuildFile; fileRef = E5BC969F19DC55E7006093AD /* LaunchScreen.xib */; };
		E5BC96AD19DC55E7006093AD /* MidnightBaconTests.swift in Sources */ = {isa = PBXBuildFile; fileRef = E5BC96AC19DC55E7006093AD /* MidnightBaconTests.swift */; };
/* End PBXBuildFile section */

/* Begin PBXContainerItemProxy section */
		E5BC96A719DC55E7006093AD /* PBXContainerItemProxy */ = {
			isa = PBXContainerItemProxy;
			containerPortal = E5BC968719DC55E7006093AD /* Project object */;
			proxyType = 1;
			remoteGlobalIDString = E5BC968E19DC55E7006093AD;
			remoteInfo = MidnightBacon;
		};
/* End PBXContainerItemProxy section */

/* Begin PBXFileReference section */
		E5BC968F19DC55E7006093AD /* MidnightBacon.app */ = {isa = PBXFileReference; explicitFileType = wrapper.application; includeInIndex = 0; path = MidnightBacon.app; sourceTree = BUILT_PRODUCTS_DIR; };
		E5BC969319DC55E7006093AD /* Info.plist */ = {isa = PBXFileReference; lastKnownFileType = text.plist.xml; path = Info.plist; sourceTree = "<group>"; };
		E5BC969419DC55E7006093AD /* AppDelegate.swift */ = {isa = PBXFileReference; lastKnownFileType = sourcecode.swift; path = AppDelegate.swift; sourceTree = "<group>"; };
		E5BC969619DC55E7006093AD /* MasterViewController.swift */ = {isa = PBXFileReference; lastKnownFileType = sourcecode.swift; path = MasterViewController.swift; sourceTree = "<group>"; };
		E5BC969819DC55E7006093AD /* DetailViewController.swift */ = {isa = PBXFileReference; lastKnownFileType = sourcecode.swift; path = DetailViewController.swift; sourceTree = "<group>"; };
		E5BC969B19DC55E7006093AD /* Base */ = {isa = PBXFileReference; lastKnownFileType = file.storyboard; name = Base; path = Base.lproj/Main.storyboard; sourceTree = "<group>"; };
		E5BC969D19DC55E7006093AD /* Images.xcassets */ = {isa = PBXFileReference; lastKnownFileType = folder.assetcatalog; path = Images.xcassets; sourceTree = "<group>"; };
		E5BC96A019DC55E7006093AD /* Base */ = {isa = PBXFileReference; lastKnownFileType = file.xib; name = Base; path = Base.lproj/LaunchScreen.xib; sourceTree = "<group>"; };
		E5BC96A619DC55E7006093AD /* MidnightBaconTests.xctest */ = {isa = PBXFileReference; explicitFileType = wrapper.cfbundle; includeInIndex = 0; path = MidnightBaconTests.xctest; sourceTree = BUILT_PRODUCTS_DIR; };
		E5BC96AB19DC55E7006093AD /* Info.plist */ = {isa = PBXFileReference; lastKnownFileType = text.plist.xml; path = Info.plist; sourceTree = "<group>"; };
		E5BC96AC19DC55E7006093AD /* MidnightBaconTests.swift */ = {isa = PBXFileReference; lastKnownFileType = sourcecode.swift; path = MidnightBaconTests.swift; sourceTree = "<group>"; };
/* End PBXFileReference section */

/* Begin PBXFrameworksBuildPhase section */
		E5BC968C19DC55E7006093AD /* Frameworks */ = {
			isa = PBXFrameworksBuildPhase;
			buildActionMask = 2147483647;
			files = (
			);
			runOnlyForDeploymentPostprocessing = 0;
		};
		E5BC96A319DC55E7006093AD /* Frameworks */ = {
			isa = PBXFrameworksBuildPhase;
			buildActionMask = 2147483647;
			files = (
			);
			runOnlyForDeploymentPostprocessing = 0;
		};
/* End PBXFrameworksBuildPhase section */

/* Begin PBXGroup section */
		E5BC968619DC55E7006093AD = {
			isa = PBXGroup;
			children = (
				E5BC969119DC55E7006093AD /* MidnightBacon */,
				E5BC96A919DC55E7006093AD /* MidnightBaconTests */,
				E5BC969019DC55E7006093AD /* Products */,
			);
			sourceTree = "<group>";
		};
		E5BC969019DC55E7006093AD /* Products */ = {
			isa = PBXGroup;
			children = (
				E5BC968F19DC55E7006093AD /* MidnightBacon.app */,
				E5BC96A619DC55E7006093AD /* MidnightBaconTests.xctest */,
			);
			name = Products;
			sourceTree = "<group>";
		};
		E5BC969119DC55E7006093AD /* MidnightBacon */ = {
			isa = PBXGroup;
			children = (
				E5BC969419DC55E7006093AD /* AppDelegate.swift */,
				E5BC969619DC55E7006093AD /* MasterViewController.swift */,
				E5BC969819DC55E7006093AD /* DetailViewController.swift */,
				E5BC969A19DC55E7006093AD /* Main.storyboard */,
				E5BC969D19DC55E7006093AD /* Images.xcassets */,
				E5BC969F19DC55E7006093AD /* LaunchScreen.xib */,
				E5BC969219DC55E7006093AD /* Supporting Files */,
			);
			path = MidnightBacon;
			sourceTree = "<group>";
		};
		E5BC969219DC55E7006093AD /* Supporting Files */ = {
			isa = PBXGroup;
			children = (
				E5BC969319DC55E7006093AD /* Info.plist */,
			);
			name = "Supporting Files";
			sourceTree = "<group>";
		};
		E5BC96A919DC55E7006093AD /* MidnightBaconTests */ = {
			isa = PBXGroup;
			children = (
				E5BC96AC19DC55E7006093AD /* MidnightBaconTests.swift */,
				E5BC96AA19DC55E7006093AD /* Supporting Files */,
			);
			path = MidnightBaconTests;
			sourceTree = "<group>";
		};
		E5BC96AA19DC55E7006093AD /* Supporting Files */ = {
			isa = PBXGroup;
			children = (
				E5BC96AB19DC55E7006093AD /* Info.plist */,
			);
			name = "Supporting Files";
			sourceTree = "<group>";
		};
/* End PBXGroup section */

/* Begin PBXNativeTarget section */
		E5BC968E19DC55E7006093AD /* MidnightBacon */ = {
			isa = PBXNativeTarget;
			buildConfigurationList = E5BC96B019DC55E7006093AD /* Build configuration list for PBXNativeTarget "MidnightBacon" */;
			buildPhases = (
				E5BC968B19DC55E7006093AD /* Sources */,
				E5BC968C19DC55E7006093AD /* Frameworks */,
				E5BC968D19DC55E7006093AD /* Resources */,
			);
			buildRules = (
			);
			dependencies = (
			);
			name = MidnightBacon;
			productName = MidnightBacon;
			productReference = E5BC968F19DC55E7006093AD /* MidnightBacon.app */;
			productType = "com.apple.product-type.application";
		};
		E5BC96A519DC55E7006093AD /* MidnightBaconTests */ = {
			isa = PBXNativeTarget;
			buildConfigurationList = E5BC96B319DC55E7006093AD /* Build configuration list for PBXNativeTarget "MidnightBaconTests" */;
			buildPhases = (
				E5BC96A219DC55E7006093AD /* Sources */,
				E5BC96A319DC55E7006093AD /* Frameworks */,
				E5BC96A419DC55E7006093AD /* Resources */,
			);
			buildRules = (
			);
			dependencies = (
				E5BC96A819DC55E7006093AD /* PBXTargetDependency */,
			);
			name = MidnightBaconTests;
			productName = MidnightBaconTests;
			productReference = E5BC96A619DC55E7006093AD /* MidnightBaconTests.xctest */;
			productType = "com.apple.product-type.bundle.unit-test";
		};
/* End PBXNativeTarget section */

/* Begin PBXProject section */
		E5BC968719DC55E7006093AD /* Project object */ = {
			isa = PBXProject;
			attributes = {
				LastUpgradeCheck = 0610;
				ORGANIZATIONNAME = "Justin Kolb";
				TargetAttributes = {
					E5BC968E19DC55E7006093AD = {
						CreatedOnToolsVersion = 6.1;
					};
					E5BC96A519DC55E7006093AD = {
						CreatedOnToolsVersion = 6.1;
						TestTargetID = E5BC968E19DC55E7006093AD;
					};
				};
			};
			buildConfigurationList = E5BC968A19DC55E7006093AD /* Build configuration list for PBXProject "MidnightBacon" */;
			compatibilityVersion = "Xcode 3.2";
			developmentRegion = English;
			hasScannedForEncodings = 0;
			knownRegions = (
				en,
				Base,
			);
			mainGroup = E5BC968619DC55E7006093AD;
			productRefGroup = E5BC969019DC55E7006093AD /* Products */;
			projectDirPath = "";
			projectRoot = "";
			targets = (
				E5BC968E19DC55E7006093AD /* MidnightBacon */,
				E5BC96A519DC55E7006093AD /* MidnightBaconTests */,
			);
		};
/* End PBXProject section */

/* Begin PBXResourcesBuildPhase section */
		E5BC968D19DC55E7006093AD /* Resources */ = {
			isa = PBXResourcesBuildPhase;
			buildActionMask = 2147483647;
			files = (
				E5BC969C19DC55E7006093AD /* Main.storyboard in Resources */,
				E5BC96A119DC55E7006093AD /* LaunchScreen.xib in Resources */,
				E5BC969E19DC55E7006093AD /* Images.xcassets in Resources */,
			);
			runOnlyForDeploymentPostprocessing = 0;
		};
		E5BC96A419DC55E7006093AD /* Resources */ = {
			isa = PBXResourcesBuildPhase;
			buildActionMask = 2147483647;
			files = (
			);
			runOnlyForDeploymentPostprocessing = 0;
		};
/* End PBXResourcesBuildPhase section */

/* Begin PBXSourcesBuildPhase section */
		E5BC968B19DC55E7006093AD /* Sources */ = {
			isa = PBXSourcesBuildPhase;
			buildActionMask = 2147483647;
			files = (
				E5BC969919DC55E7006093AD /* DetailViewController.swift in Sources */,
				E5BC969719DC55E7006093AD /* MasterViewController.swift in Sources */,
				E5BC969519DC55E7006093AD /* AppDelegate.swift in Sources */,
			);
			runOnlyForDeploymentPostprocessing = 0;
		};
		E5BC96A219DC55E7006093AD /* Sources */ = {
			isa = PBXSourcesBuildPhase;
			buildActionMask = 2147483647;
			files = (
				E5BC96AD19DC55E7006093AD /* MidnightBaconTests.swift in Sources */,
			);
			runOnlyForDeploymentPostprocessing = 0;
		};
/* End PBXSourcesBuildPhase section */

/* Begin PBXTargetDependency section */
		E5BC96A819DC55E7006093AD /* PBXTargetDependency */ = {
			isa = PBXTargetDependency;
			target = E5BC968E19DC55E7006093AD /* MidnightBacon */;
			targetProxy = E5BC96A719DC55E7006093AD /* PBXContainerItemProxy */;
		};
/* End PBXTargetDependency section */

/* Begin PBXVariantGroup section */
		E5BC969A19DC55E7006093AD /* Main.storyboard */ = {
			isa = PBXVariantGroup;
			children = (
				E5BC969B19DC55E7006093AD /* Base */,
			);
			name = Main.storyboard;
			sourceTree = "<group>";
		};
		E5BC969F19DC55E7006093AD /* LaunchScreen.xib */ = {
			isa = PBXVariantGroup;
			children = (
				E5BC96A019DC55E7006093AD /* Base */,
			);
			name = LaunchScreen.xib;
			sourceTree = "<group>";
		};
/* End PBXVariantGroup section */

/* Begin XCBuildConfiguration section */
		E5BC96AE19DC55E7006093AD /* Debug */ = {
			isa = XCBuildConfiguration;
			buildSettings = {
				ALWAYS_SEARCH_USER_PATHS = NO;
				CLANG_CXX_LANGUAGE_STANDARD = "gnu++0x";
				CLANG_CXX_LIBRARY = "libc++";
				CLANG_ENABLE_MODULES = YES;
				CLANG_ENABLE_OBJC_ARC = YES;
				CLANG_WARN_BOOL_CONVERSION = YES;
				CLANG_WARN_CONSTANT_CONVERSION = YES;
				CLANG_WARN_DIRECT_OBJC_ISA_USAGE = YES_ERROR;
				CLANG_WARN_EMPTY_BODY = YES;
				CLANG_WARN_ENUM_CONVERSION = YES;
				CLANG_WARN_INT_CONVERSION = YES;
				CLANG_WARN_OBJC_ROOT_CLASS = YES_ERROR;
				CLANG_WARN_UNREACHABLE_CODE = YES;
				CLANG_WARN__DUPLICATE_METHOD_MATCH = YES;
				"CODE_SIGN_IDENTITY[sdk=iphoneos*]" = "iPhone Developer";
				COPY_PHASE_STRIP = NO;
				ENABLE_STRICT_OBJC_MSGSEND = YES;
				GCC_C_LANGUAGE_STANDARD = gnu99;
				GCC_DYNAMIC_NO_PIC = NO;
				GCC_OPTIMIZATION_LEVEL = 0;
				GCC_PREPROCESSOR_DEFINITIONS = (
					"DEBUG=1",
					"$(inherited)",
				);
				GCC_SYMBOLS_PRIVATE_EXTERN = NO;
				GCC_WARN_64_TO_32_BIT_CONVERSION = YES;
				GCC_WARN_ABOUT_RETURN_TYPE = YES_ERROR;
				GCC_WARN_UNDECLARED_SELECTOR = YES;
				GCC_WARN_UNINITIALIZED_AUTOS = YES_AGGRESSIVE;
				GCC_WARN_UNUSED_FUNCTION = YES;
				GCC_WARN_UNUSED_VARIABLE = YES;
				IPHONEOS_DEPLOYMENT_TARGET = 8.1;
				MTL_ENABLE_DEBUG_INFO = YES;
				ONLY_ACTIVE_ARCH = YES;
				SDKROOT = iphoneos;
				SWIFT_OPTIMIZATION_LEVEL = "-Onone";
				TARGETED_DEVICE_FAMILY = "1,2";
			};
			name = Debug;
		};
		E5BC96AF19DC55E7006093AD /* Release */ = {
			isa = XCBuildConfiguration;
			buildSettings = {
				ALWAYS_SEARCH_USER_PATHS = NO;
				CLANG_CXX_LANGUAGE_STANDARD = "gnu++0x";
				CLANG_CXX_LIBRARY = "libc++";
				CLANG_ENABLE_MODULES = YES;
				CLANG_ENABLE_OBJC_ARC = YES;
				CLANG_WARN_BOOL_CONVERSION = YES;
				CLANG_WARN_CONSTANT_CONVERSION = YES;
				CLANG_WARN_DIRECT_OBJC_ISA_USAGE = YES_ERROR;
				CLANG_WARN_EMPTY_BODY = YES;
				CLANG_WARN_ENUM_CONVERSION = YES;
				CLANG_WARN_INT_CONVERSION = YES;
				CLANG_WARN_OBJC_ROOT_CLASS = YES_ERROR;
				CLANG_WARN_UNREACHABLE_CODE = YES;
				CLANG_WARN__DUPLICATE_METHOD_MATCH = YES;
				"CODE_SIGN_IDENTITY[sdk=iphoneos*]" = "iPhone Developer";
				COPY_PHASE_STRIP = YES;
				ENABLE_NS_ASSERTIONS = NO;
				ENABLE_STRICT_OBJC_MSGSEND = YES;
				GCC_C_LANGUAGE_STANDARD = gnu99;
				GCC_WARN_64_TO_32_BIT_CONVERSION = YES;
				GCC_WARN_ABOUT_RETURN_TYPE = YES_ERROR;
				GCC_WARN_UNDECLARED_SELECTOR = YES;
				GCC_WARN_UNINITIALIZED_AUTOS = YES_AGGRESSIVE;
				GCC_WARN_UNUSED_FUNCTION = YES;
				GCC_WARN_UNUSED_VARIABLE = YES;
				IPHONEOS_DEPLOYMENT_TARGET = 8.1;
				MTL_ENABLE_DEBUG_INFO = NO;
				SDKROOT = iphoneos;
				TARGETED_DEVICE_FAMILY = "1,2";
				VALIDATE_PRODUCT = YES;
			};
			name = Release;
		};
		E5BC96B119DC55E7006093AD /* Debug */ = {
			isa = XCBuildConfiguration;
			buildSettings = {
				ASSETCATALOG_COMPILER_APPICON_NAME = AppIcon;
				INFOPLIST_FILE = MidnightBacon/Info.plist;
				LD_RUNPATH_SEARCH_PATHS = "$(inherited) @executable_path/Frameworks";
				PRODUCT_NAME = "$(TARGET_NAME)";
			};
			name = Debug;
		};
		E5BC96B219DC55E7006093AD /* Release */ = {
			isa = XCBuildConfiguration;
			buildSettings = {
				ASSETCATALOG_COMPILER_APPICON_NAME = AppIcon;
				INFOPLIST_FILE = MidnightBacon/Info.plist;
				LD_RUNPATH_SEARCH_PATHS = "$(inherited) @executable_path/Frameworks";
				PRODUCT_NAME = "$(TARGET_NAME)";
			};
			name = Release;
		};
		E5BC96B419DC55E7006093AD /* Debug */ = {
			isa = XCBuildConfiguration;
			buildSettings = {
				BUNDLE_LOADER = "$(TEST_HOST)";
				FRAMEWORK_SEARCH_PATHS = (
					"$(SDKROOT)/Developer/Library/Frameworks",
					"$(inherited)",
				);
				GCC_PREPROCESSOR_DEFINITIONS = (
					"DEBUG=1",
					"$(inherited)",
				);
				INFOPLIST_FILE = MidnightBaconTests/Info.plist;
				LD_RUNPATH_SEARCH_PATHS = "$(inherited) @executable_path/Frameworks @loader_path/Frameworks";
				PRODUCT_NAME = "$(TARGET_NAME)";
				TEST_HOST = "$(BUILT_PRODUCTS_DIR)/MidnightBacon.app/MidnightBacon";
			};
			name = Debug;
		};
		E5BC96B519DC55E7006093AD /* Release */ = {
			isa = XCBuildConfiguration;
			buildSettings = {
				BUNDLE_LOADER = "$(TEST_HOST)";
				FRAMEWORK_SEARCH_PATHS = (
					"$(SDKROOT)/Developer/Library/Frameworks",
					"$(inherited)",
				);
				INFOPLIST_FILE = MidnightBaconTests/Info.plist;
				LD_RUNPATH_SEARCH_PATHS = "$(inherited) @executable_path/Frameworks @loader_path/Frameworks";
				PRODUCT_NAME = "$(TARGET_NAME)";
				TEST_HOST = "$(BUILT_PRODUCTS_DIR)/MidnightBacon.app/MidnightBacon";
			};
			name = Release;
		};
/* End XCBuildConfiguration section */

/* Begin XCConfigurationList section */
		E5BC968A19DC55E7006093AD /* Build configuration list for PBXProject "MidnightBacon" */ = {
			isa = XCConfigurationList;
			buildConfigurations = (
				E5BC96AE19DC55E7006093AD /* Debug */,
				E5BC96AF19DC55E7006093AD /* Release */,
			);
			defaultConfigurationIsVisible = 0;
			defaultConfigurationName = Release;
		};
		E5BC96B019DC55E7006093AD /* Build configuration list for PBXNativeTarget "MidnightBacon" */ = {
			isa = XCConfigurationList;
			buildConfigurations = (
				E5BC96B119DC55E7006093AD /* Debug */,
				E5BC96B219DC55E7006093AD /* Release */,
			);
			defaultConfigurationIsVisible = 0;
		};
		E5BC96B319DC55E7006093AD /* Build configuration list for PBXNativeTarget "MidnightBaconTests" */ = {
			isa = XCConfigurationList;
			buildConfigurations = (
				E5BC96B419DC55E7006093AD /* Debug */,
				E5BC96B519DC55E7006093AD /* Release */,
			);
			defaultConfigurationIsVisible = 0;
		};
/* End XCConfigurationList section */
	};
	rootObject = E5BC968719DC55E7006093AD /* Project object */;
}
