// !$*UTF8*$!
{
	archiveVersion = 1;
	classes = {
	};
	objectVersion = 46;
	objects = {

/* Begin PBXBuildFile section */
		090BDF271A309A4C00E7343A /* SharedFactory.swift in Sources */ = {isa = PBXBuildFile; fileRef = 090BDF261A309A4C00E7343A /* SharedFactory.swift */; };
		090BDF281A309A4C00E7343A /* SharedFactory.swift in Sources */ = {isa = PBXBuildFile; fileRef = 090BDF261A309A4C00E7343A /* SharedFactory.swift */; };
		0972446B1A64010700116F10 /* DebugFlow.swift in Sources */ = {isa = PBXBuildFile; fileRef = 0972446A1A64010700116F10 /* DebugFlow.swift */; };
		0972446C1A64010700116F10 /* DebugFlow.swift in Sources */ = {isa = PBXBuildFile; fileRef = 0972446A1A64010700116F10 /* DebugFlow.swift */; };
		09AA737A1A39D19600D41063 /* Account.swift in Sources */ = {isa = PBXBuildFile; fileRef = 09AA73791A39D19600D41063 /* Account.swift */; };
		09AA737B1A39D19600D41063 /* Account.swift in Sources */ = {isa = PBXBuildFile; fileRef = 09AA73791A39D19600D41063 /* Account.swift */; };
		09AA73811A39D3E700D41063 /* AccountMapper.swift in Sources */ = {isa = PBXBuildFile; fileRef = 09AA73801A39D3E700D41063 /* AccountMapper.swift */; };
		09AA73821A39D3E700D41063 /* AccountMapper.swift in Sources */ = {isa = PBXBuildFile; fileRef = 09AA73801A39D3E700D41063 /* AccountMapper.swift */; };
		09B6895F1A5C1864003E53CF /* AccessTokenDetails.swift in Sources */ = {isa = PBXBuildFile; fileRef = 09B6895E1A5C1864003E53CF /* AccessTokenDetails.swift */; };
		09B689601A5C1864003E53CF /* AccessTokenDetails.swift in Sources */ = {isa = PBXBuildFile; fileRef = 09B6895E1A5C1864003E53CF /* AccessTokenDetails.swift */; };
		09BE0A521A41B9F4006016B5 /* OAuthAuthorizationCodeRequest.swift in Sources */ = {isa = PBXBuildFile; fileRef = 09BE0A511A41B9F4006016B5 /* OAuthAuthorizationCodeRequest.swift */; };
		09BE0A531A41B9F4006016B5 /* OAuthAuthorizationCodeRequest.swift in Sources */ = {isa = PBXBuildFile; fileRef = 09BE0A511A41B9F4006016B5 /* OAuthAuthorizationCodeRequest.swift */; };
		09E5C9D71A5D6A0800299A01 /* OAuthGrantType.swift in Sources */ = {isa = PBXBuildFile; fileRef = 09E5C9D61A5D6A0800299A01 /* OAuthGrantType.swift */; };
		09E5C9D81A5D6A6400299A01 /* OAuthGrantType.swift in Sources */ = {isa = PBXBuildFile; fileRef = 09E5C9D61A5D6A0800299A01 /* OAuthGrantType.swift */; };
		09E5C9DA1A5D6AA400299A01 /* OAuthRefreshTokenRequest.swift in Sources */ = {isa = PBXBuildFile; fileRef = 09E5C9D91A5D6AA400299A01 /* OAuthRefreshTokenRequest.swift */; };
		09E5C9DB1A5D6AA400299A01 /* OAuthRefreshTokenRequest.swift in Sources */ = {isa = PBXBuildFile; fileRef = 09E5C9D91A5D6AA400299A01 /* OAuthRefreshTokenRequest.swift */; };
		09E5C9DD1A5D6C4700299A01 /* OAuthRevokeTokenRequest.swift in Sources */ = {isa = PBXBuildFile; fileRef = 09E5C9DC1A5D6C4700299A01 /* OAuthRevokeTokenRequest.swift */; };
		09E5C9DE1A5D6C4700299A01 /* OAuthRevokeTokenRequest.swift in Sources */ = {isa = PBXBuildFile; fileRef = 09E5C9DC1A5D6C4700299A01 /* OAuthRevokeTokenRequest.swift */; };
		09F725D31A372F8000D490EA /* RedditUserInteractor.swift in Sources */ = {isa = PBXBuildFile; fileRef = 09F725D21A372F8000D490EA /* RedditUserInteractor.swift */; };
		09F725D41A372F8000D490EA /* RedditUserInteractor.swift in Sources */ = {isa = PBXBuildFile; fileRef = 09F725D21A372F8000D490EA /* RedditUserInteractor.swift */; };
		E50A85681A336DCD00379FE4 /* AccountsFlow.swift in Sources */ = {isa = PBXBuildFile; fileRef = E50A85591A336DCD00379FE4 /* AccountsFlow.swift */; };
		E50A85691A336DCD00379FE4 /* AccountsFlow.swift in Sources */ = {isa = PBXBuildFile; fileRef = E50A85591A336DCD00379FE4 /* AccountsFlow.swift */; };
		E50A856A1A336DCD00379FE4 /* AccountsFactory.swift in Sources */ = {isa = PBXBuildFile; fileRef = E50A855A1A336DCD00379FE4 /* AccountsFactory.swift */; };
		E50A856B1A336DCD00379FE4 /* AccountsFactory.swift in Sources */ = {isa = PBXBuildFile; fileRef = E50A855A1A336DCD00379FE4 /* AccountsFactory.swift */; };
		E50A856C1A336DCD00379FE4 /* AccountsMenuLoader.swift in Sources */ = {isa = PBXBuildFile; fileRef = E50A855B1A336DCD00379FE4 /* AccountsMenuLoader.swift */; };
		E50A856D1A336DCD00379FE4 /* AccountsMenuLoader.swift in Sources */ = {isa = PBXBuildFile; fileRef = E50A855B1A336DCD00379FE4 /* AccountsMenuLoader.swift */; };
		E50A856E1A336DCD00379FE4 /* SubredditsFlow.swift in Sources */ = {isa = PBXBuildFile; fileRef = E50A85601A336DCD00379FE4 /* SubredditsFlow.swift */; };
		E50A856F1A336DCD00379FE4 /* SubredditsFlow.swift in Sources */ = {isa = PBXBuildFile; fileRef = E50A85601A336DCD00379FE4 /* SubredditsFlow.swift */; };
		E50A85701A336DCD00379FE4 /* SubredditsFactory.swift in Sources */ = {isa = PBXBuildFile; fileRef = E50A85611A336DCD00379FE4 /* SubredditsFactory.swift */; };
		E50A85711A336DCD00379FE4 /* SubredditsFactory.swift in Sources */ = {isa = PBXBuildFile; fileRef = E50A85611A336DCD00379FE4 /* SubredditsFactory.swift */; };
		E50A85721A336DCD00379FE4 /* SubredditsMenuBuilder.swift in Sources */ = {isa = PBXBuildFile; fileRef = E50A85621A336DCD00379FE4 /* SubredditsMenuBuilder.swift */; };
		E50A85731A336DCD00379FE4 /* SubredditsMenuBuilder.swift in Sources */ = {isa = PBXBuildFile; fileRef = E50A85621A336DCD00379FE4 /* SubredditsMenuBuilder.swift */; };
		E50A85741A336DCD00379FE4 /* LinkCell.swift in Sources */ = {isa = PBXBuildFile; fileRef = E50A85641A336DCD00379FE4 /* LinkCell.swift */; };
		E50A85751A336DCD00379FE4 /* LinkCell.swift in Sources */ = {isa = PBXBuildFile; fileRef = E50A85641A336DCD00379FE4 /* LinkCell.swift */; };
		E50A85761A336DCD00379FE4 /* LinksViewController.swift in Sources */ = {isa = PBXBuildFile; fileRef = E50A85651A336DCD00379FE4 /* LinksViewController.swift */; };
		E50A85771A336DCD00379FE4 /* LinksViewController.swift in Sources */ = {isa = PBXBuildFile; fileRef = E50A85651A336DCD00379FE4 /* LinksViewController.swift */; };
		E50A85781A336DCD00379FE4 /* TextOnlyLinkCell.swift in Sources */ = {isa = PBXBuildFile; fileRef = E50A85661A336DCD00379FE4 /* TextOnlyLinkCell.swift */; };
		E50A85791A336DCD00379FE4 /* TextOnlyLinkCell.swift in Sources */ = {isa = PBXBuildFile; fileRef = E50A85661A336DCD00379FE4 /* TextOnlyLinkCell.swift */; };
		E50A857A1A336DCD00379FE4 /* ThumbnailLinkCell.swift in Sources */ = {isa = PBXBuildFile; fileRef = E50A85671A336DCD00379FE4 /* ThumbnailLinkCell.swift */; };
		E50A857B1A336DCD00379FE4 /* ThumbnailLinkCell.swift in Sources */ = {isa = PBXBuildFile; fileRef = E50A85671A336DCD00379FE4 /* ThumbnailLinkCell.swift */; };
		E50A857E1A336E9900379FE4 /* LoginViewController.swift in Sources */ = {isa = PBXBuildFile; fileRef = E50A857D1A336E9900379FE4 /* LoginViewController.swift */; };
		E50A857F1A336E9900379FE4 /* LoginViewController.swift in Sources */ = {isa = PBXBuildFile; fileRef = E50A857D1A336E9900379FE4 /* LoginViewController.swift */; };
		E50A85881A336EB600379FE4 /* ActivityIndicatorCell.swift in Sources */ = {isa = PBXBuildFile; fileRef = E50A85821A336EB600379FE4 /* ActivityIndicatorCell.swift */; };
		E50A85891A336EB600379FE4 /* ActivityIndicatorCell.swift in Sources */ = {isa = PBXBuildFile; fileRef = E50A85821A336EB600379FE4 /* ActivityIndicatorCell.swift */; };
		E50A858A1A336EB600379FE4 /* LoadedMenuViewController.swift in Sources */ = {isa = PBXBuildFile; fileRef = E50A85831A336EB600379FE4 /* LoadedMenuViewController.swift */; };
		E50A858B1A336EB600379FE4 /* LoadedMenuViewController.swift in Sources */ = {isa = PBXBuildFile; fileRef = E50A85831A336EB600379FE4 /* LoadedMenuViewController.swift */; };
		E50A858C1A336EB600379FE4 /* MenuViewController.swift in Sources */ = {isa = PBXBuildFile; fileRef = E50A85841A336EB600379FE4 /* MenuViewController.swift */; };
		E50A858D1A336EB600379FE4 /* MenuViewController.swift in Sources */ = {isa = PBXBuildFile; fileRef = E50A85841A336EB600379FE4 /* MenuViewController.swift */; };
		E50A858E1A336EB600379FE4 /* TabBarController.swift in Sources */ = {isa = PBXBuildFile; fileRef = E50A85851A336EB600379FE4 /* TabBarController.swift */; };
		E50A858F1A336EB600379FE4 /* TabBarController.swift in Sources */ = {isa = PBXBuildFile; fileRef = E50A85851A336EB600379FE4 /* TabBarController.swift */; };
		E50A85901A336EB600379FE4 /* TableViewController.swift in Sources */ = {isa = PBXBuildFile; fileRef = E50A85861A336EB600379FE4 /* TableViewController.swift */; };
		E50A85911A336EB600379FE4 /* TableViewController.swift in Sources */ = {isa = PBXBuildFile; fileRef = E50A85861A336EB600379FE4 /* TableViewController.swift */; };
		E50A85921A336EB600379FE4 /* WebViewController.swift in Sources */ = {isa = PBXBuildFile; fileRef = E50A85871A336EB600379FE4 /* WebViewController.swift */; };
		E50A85931A336EB600379FE4 /* WebViewController.swift in Sources */ = {isa = PBXBuildFile; fileRef = E50A85871A336EB600379FE4 /* WebViewController.swift */; };
		E50A85961A336F6800379FE4 /* Menu.swift in Sources */ = {isa = PBXBuildFile; fileRef = E50A85951A336F6800379FE4 /* Menu.swift */; };
		E50A85971A336F6800379FE4 /* Menu.swift in Sources */ = {isa = PBXBuildFile; fileRef = E50A85951A336F6800379FE4 /* Menu.swift */; };
		E50A859A1A336FA100379FE4 /* LinksInteractor.swift in Sources */ = {isa = PBXBuildFile; fileRef = E50A85991A336FA100379FE4 /* LinksInteractor.swift */; };
		E50A859B1A336FA100379FE4 /* LinksInteractor.swift in Sources */ = {isa = PBXBuildFile; fileRef = E50A85991A336FA100379FE4 /* LinksInteractor.swift */; };
		E50A859D1A336FDE00379FE4 /* ConfigureMenuBuilder.swift in Sources */ = {isa = PBXBuildFile; fileRef = E50A859C1A336FDE00379FE4 /* ConfigureMenuBuilder.swift */; };
		E50A859E1A336FDE00379FE4 /* ConfigureMenuBuilder.swift in Sources */ = {isa = PBXBuildFile; fileRef = E50A859C1A336FDE00379FE4 /* ConfigureMenuBuilder.swift */; };
		E50A85A01A336FF200379FE4 /* ConfigureFactory.swift in Sources */ = {isa = PBXBuildFile; fileRef = E50A859F1A336FF200379FE4 /* ConfigureFactory.swift */; };
		E50A85A11A336FF200379FE4 /* ConfigureFactory.swift in Sources */ = {isa = PBXBuildFile; fileRef = E50A859F1A336FF200379FE4 /* ConfigureFactory.swift */; };
		E50A85A31A33700100379FE4 /* ConfigureController.swift in Sources */ = {isa = PBXBuildFile; fileRef = E50A85A21A33700100379FE4 /* ConfigureController.swift */; };
		E50A85A41A33700100379FE4 /* ConfigureController.swift in Sources */ = {isa = PBXBuildFile; fileRef = E50A85A21A33700100379FE4 /* ConfigureController.swift */; };
		E50A85A61A33701600379FE4 /* MessagesController.swift in Sources */ = {isa = PBXBuildFile; fileRef = E50A85A51A33701600379FE4 /* MessagesController.swift */; };
		E50A85A71A33701600379FE4 /* MessagesController.swift in Sources */ = {isa = PBXBuildFile; fileRef = E50A85A51A33701600379FE4 /* MessagesController.swift */; };
		E50A85A91A33702700379FE4 /* MessagesFactory.swift in Sources */ = {isa = PBXBuildFile; fileRef = E50A85A81A33702700379FE4 /* MessagesFactory.swift */; };
		E50A85AA1A33702700379FE4 /* MessagesFactory.swift in Sources */ = {isa = PBXBuildFile; fileRef = E50A85A81A33702700379FE4 /* MessagesFactory.swift */; };
		E50A85AF1A33703E00379FE4 /* SearchController.swift in Sources */ = {isa = PBXBuildFile; fileRef = E50A85AE1A33703E00379FE4 /* SearchController.swift */; };
		E50A85B01A33703E00379FE4 /* SearchController.swift in Sources */ = {isa = PBXBuildFile; fileRef = E50A85AE1A33703E00379FE4 /* SearchController.swift */; };
		E50A85B21A33704900379FE4 /* SearchFactory.swift in Sources */ = {isa = PBXBuildFile; fileRef = E50A85B11A33704900379FE4 /* SearchFactory.swift */; };
		E50A85B31A33704900379FE4 /* SearchFactory.swift in Sources */ = {isa = PBXBuildFile; fileRef = E50A85B11A33704900379FE4 /* SearchFactory.swift */; };
		E50DD30F1A48811A00C056F8 /* Promise+Outcome.swift in Sources */ = {isa = PBXBuildFile; fileRef = E50DD30E1A48811A00C056F8 /* Promise+Outcome.swift */; };
		E50DD3141A48848100C056F8 /* Promise+Outcome.swift in Sources */ = {isa = PBXBuildFile; fileRef = E50DD30E1A48811A00C056F8 /* Promise+Outcome.swift */; };
		E510DD071A3E4FC700DAD4F1 /* ClearSessionsRequest.swift in Sources */ = {isa = PBXBuildFile; fileRef = E510DD061A3E4FC700DAD4F1 /* ClearSessionsRequest.swift */; };
		E510DD081A3E4FC700DAD4F1 /* ClearSessionsRequest.swift in Sources */ = {isa = PBXBuildFile; fileRef = E510DD061A3E4FC700DAD4F1 /* ClearSessionsRequest.swift */; };
		E510DD0A1A3E4FE600DAD4F1 /* MeRequest.swift in Sources */ = {isa = PBXBuildFile; fileRef = E510DD091A3E4FE600DAD4F1 /* MeRequest.swift */; };
		E510DD0B1A3E4FE600DAD4F1 /* MeRequest.swift in Sources */ = {isa = PBXBuildFile; fileRef = E510DD091A3E4FE600DAD4F1 /* MeRequest.swift */; };
		E510DD0E1A3E511100DAD4F1 /* SubredditRequest.swift in Sources */ = {isa = PBXBuildFile; fileRef = E510DD0D1A3E511100DAD4F1 /* SubredditRequest.swift */; };
		E510DD0F1A3E511100DAD4F1 /* SubredditRequest.swift in Sources */ = {isa = PBXBuildFile; fileRef = E510DD0D1A3E511100DAD4F1 /* SubredditRequest.swift */; };
		E510DD141A3E84E100DAD4F1 /* LoginRequest.swift in Sources */ = {isa = PBXBuildFile; fileRef = E510DD131A3E84E100DAD4F1 /* LoginRequest.swift */; };
		E510DD151A3E84E100DAD4F1 /* LoginRequest.swift in Sources */ = {isa = PBXBuildFile; fileRef = E510DD131A3E84E100DAD4F1 /* LoginRequest.swift */; };
		E521D9921A00E830004683DE /* ModestProposal.framework in Frameworks */ = {isa = PBXBuildFile; fileRef = E545194319E045190066D2B6 /* ModestProposal.framework */; };
		E521D9931A00E830004683DE /* ModestProposal.framework in Embed Frameworks */ = {isa = PBXBuildFile; fileRef = E545194319E045190066D2B6 /* ModestProposal.framework */; settings = {ATTRIBUTES = (CodeSignOnCopy, RemoveHeadersOnCopy, ); }; };
		E521D9961A00E830004683DE /* FranticApparatus.framework in Frameworks */ = {isa = PBXBuildFile; fileRef = E5BC96BD19DC5604006093AD /* FranticApparatus.framework */; };
		E521D9971A00E830004683DE /* FranticApparatus.framework in Embed Frameworks */ = {isa = PBXBuildFile; fileRef = E5BC96BD19DC5604006093AD /* FranticApparatus.framework */; settings = {ATTRIBUTES = (CodeSignOnCopy, RemoveHeadersOnCopy, ); }; };
		E52F969B1AA162A7000828C2 /* OAuthFactory.swift in Sources */ = {isa = PBXBuildFile; fileRef = E52F96991AA162A7000828C2 /* OAuthFactory.swift */; };
		E52F969C1AA162A7000828C2 /* OAuthFactory.swift in Sources */ = {isa = PBXBuildFile; fileRef = E52F96991AA162A7000828C2 /* OAuthFactory.swift */; };
		E52F969D1AA162A7000828C2 /* OAuthFlow.swift in Sources */ = {isa = PBXBuildFile; fileRef = E52F969A1AA162A7000828C2 /* OAuthFlow.swift */; };
		E52F969E1AA162A7000828C2 /* OAuthFlow.swift in Sources */ = {isa = PBXBuildFile; fileRef = E52F969A1AA162A7000828C2 /* OAuthFlow.swift */; };
		E52F96A11AA1633E000828C2 /* MainFlow.swift in Sources */ = {isa = PBXBuildFile; fileRef = E52F96A01AA1633E000828C2 /* MainFlow.swift */; };
		E52F96A21AA1633E000828C2 /* MainFlow.swift in Sources */ = {isa = PBXBuildFile; fileRef = E52F96A01AA1633E000828C2 /* MainFlow.swift */; };
		E52F96A41AA166B1000828C2 /* MainFactory.swift in Sources */ = {isa = PBXBuildFile; fileRef = E52F96A31AA166B1000828C2 /* MainFactory.swift */; };
		E52F96A51AA166B1000828C2 /* MainFactory.swift in Sources */ = {isa = PBXBuildFile; fileRef = E52F96A31AA166B1000828C2 /* MainFactory.swift */; };
		E52F96A71AA167D8000828C2 /* DebugFactory.swift in Sources */ = {isa = PBXBuildFile; fileRef = E52F96A61AA167D8000828C2 /* DebugFactory.swift */; };
		E52F96A81AA167D8000828C2 /* DebugFactory.swift in Sources */ = {isa = PBXBuildFile; fileRef = E52F96A61AA167D8000828C2 /* DebugFactory.swift */; };
		E536AE9C1A2AB3C0003D80AE /* PresenterService.swift in Sources */ = {isa = PBXBuildFile; fileRef = E536AE9B1A2AB3C0003D80AE /* PresenterService.swift */; };
		E536AEA31A2AB8CB003D80AE /* PresenterService.swift in Sources */ = {isa = PBXBuildFile; fileRef = E536AE9B1A2AB3C0003D80AE /* PresenterService.swift */; };
		E538F6121A03BA8C0076108F /* DrapierLayout.framework in Frameworks */ = {isa = PBXBuildFile; fileRef = E538F60D1A03BA780076108F /* DrapierLayout.framework */; };
		E538F6131A03BA8C0076108F /* DrapierLayout.framework in Embed Frameworks */ = {isa = PBXBuildFile; fileRef = E538F60D1A03BA780076108F /* DrapierLayout.framework */; settings = {ATTRIBUTES = (CodeSignOnCopy, RemoveHeadersOnCopy, ); }; };
		E55003A21A1E2ACD00D958F0 /* JSON+Reddit.swift in Sources */ = {isa = PBXBuildFile; fileRef = E55003721A1E2ACD00D958F0 /* JSON+Reddit.swift */; };
		E55003A31A1E2ACD00D958F0 /* Link.swift in Sources */ = {isa = PBXBuildFile; fileRef = E55003731A1E2ACD00D958F0 /* Link.swift */; };
		E55003A41A1E2ACD00D958F0 /* Listing.swift in Sources */ = {isa = PBXBuildFile; fileRef = E55003741A1E2ACD00D958F0 /* Listing.swift */; };
		E55003A51A1E2ACD00D958F0 /* Reddit.swift in Sources */ = {isa = PBXBuildFile; fileRef = E55003751A1E2ACD00D958F0 /* Reddit.swift */; };
		E55003A61A1E2ACD00D958F0 /* RedditError.swift in Sources */ = {isa = PBXBuildFile; fileRef = E55003761A1E2ACD00D958F0 /* RedditError.swift */; };
		E55003A71A1E2ACD00D958F0 /* Session.swift in Sources */ = {isa = PBXBuildFile; fileRef = E55003771A1E2ACD00D958F0 /* Session.swift */; };
		E55003A81A1E2ACD00D958F0 /* SessionMapper.swift in Sources */ = {isa = PBXBuildFile; fileRef = E55003781A1E2ACD00D958F0 /* SessionMapper.swift */; };
		E55003A91A1E2ACD00D958F0 /* VoteDirection.swift in Sources */ = {isa = PBXBuildFile; fileRef = E55003791A1E2ACD00D958F0 /* VoteDirection.swift */; };
		E55003AA1A1E2ACD00D958F0 /* Gateway.swift in Sources */ = {isa = PBXBuildFile; fileRef = E550037B1A1E2ACD00D958F0 /* Gateway.swift */; };
		E55003AD1A1E2ACD00D958F0 /* ImageSource.swift in Sources */ = {isa = PBXBuildFile; fileRef = E550037E1A1E2ACD00D958F0 /* ImageSource.swift */; };
		E55003AE1A1E2ACD00D958F0 /* InsecureStore.swift in Sources */ = {isa = PBXBuildFile; fileRef = E550037F1A1E2ACD00D958F0 /* InsecureStore.swift */; };
		E55003AF1A1E2ACD00D958F0 /* KeychainStore.swift in Sources */ = {isa = PBXBuildFile; fileRef = E55003801A1E2ACD00D958F0 /* KeychainStore.swift */; };
		E55003B01A1E2ACD00D958F0 /* MainStyle.swift in Sources */ = {isa = PBXBuildFile; fileRef = E55003811A1E2ACD00D958F0 /* MainStyle.swift */; };
		E55003B11A1E2ACD00D958F0 /* SecureStore.swift in Sources */ = {isa = PBXBuildFile; fileRef = E55003821A1E2ACD00D958F0 /* SecureStore.swift */; };
		E55003B31A1E2ACD00D958F0 /* Style.swift in Sources */ = {isa = PBXBuildFile; fileRef = E55003841A1E2ACD00D958F0 /* Style.swift */; };
		E55003B41A1E2ACD00D958F0 /* ThumbnailService.swift in Sources */ = {isa = PBXBuildFile; fileRef = E55003851A1E2ACD00D958F0 /* ThumbnailService.swift */; };
		E55003B51A1E2ACD00D958F0 /* UserDefaultsStore.swift in Sources */ = {isa = PBXBuildFile; fileRef = E55003861A1E2ACD00D958F0 /* UserDefaultsStore.swift */; };
		E55003B71A1E2ACD00D958F0 /* Keychain.swift in Sources */ = {isa = PBXBuildFile; fileRef = E55003891A1E2ACD00D958F0 /* Keychain.swift */; };
		E55003BB1A1E2ACD00D958F0 /* UIColor+RGBA.swift in Sources */ = {isa = PBXBuildFile; fileRef = E550038D1A1E2ACD00D958F0 /* UIColor+RGBA.swift */; };
		E55003C91A1E2AE800D958F0 /* JSON+Reddit.swift in Sources */ = {isa = PBXBuildFile; fileRef = E55003721A1E2ACD00D958F0 /* JSON+Reddit.swift */; };
		E55003CA1A1E2AE800D958F0 /* Link.swift in Sources */ = {isa = PBXBuildFile; fileRef = E55003731A1E2ACD00D958F0 /* Link.swift */; };
		E55003CB1A1E2AE800D958F0 /* Listing.swift in Sources */ = {isa = PBXBuildFile; fileRef = E55003741A1E2ACD00D958F0 /* Listing.swift */; };
		E55003CC1A1E2AE800D958F0 /* Reddit.swift in Sources */ = {isa = PBXBuildFile; fileRef = E55003751A1E2ACD00D958F0 /* Reddit.swift */; };
		E55003CD1A1E2AE800D958F0 /* RedditError.swift in Sources */ = {isa = PBXBuildFile; fileRef = E55003761A1E2ACD00D958F0 /* RedditError.swift */; };
		E55003CE1A1E2AE800D958F0 /* Session.swift in Sources */ = {isa = PBXBuildFile; fileRef = E55003771A1E2ACD00D958F0 /* Session.swift */; };
		E55003CF1A1E2AE800D958F0 /* SessionMapper.swift in Sources */ = {isa = PBXBuildFile; fileRef = E55003781A1E2ACD00D958F0 /* SessionMapper.swift */; };
		E55003D01A1E2AE800D958F0 /* VoteDirection.swift in Sources */ = {isa = PBXBuildFile; fileRef = E55003791A1E2ACD00D958F0 /* VoteDirection.swift */; };
		E55003D11A1E2AEF00D958F0 /* Gateway.swift in Sources */ = {isa = PBXBuildFile; fileRef = E550037B1A1E2ACD00D958F0 /* Gateway.swift */; };
		E55003D41A1E2AEF00D958F0 /* ImageSource.swift in Sources */ = {isa = PBXBuildFile; fileRef = E550037E1A1E2ACD00D958F0 /* ImageSource.swift */; };
		E55003D51A1E2AEF00D958F0 /* InsecureStore.swift in Sources */ = {isa = PBXBuildFile; fileRef = E550037F1A1E2ACD00D958F0 /* InsecureStore.swift */; };
		E55003D61A1E2AEF00D958F0 /* KeychainStore.swift in Sources */ = {isa = PBXBuildFile; fileRef = E55003801A1E2ACD00D958F0 /* KeychainStore.swift */; };
		E55003D71A1E2AEF00D958F0 /* MainStyle.swift in Sources */ = {isa = PBXBuildFile; fileRef = E55003811A1E2ACD00D958F0 /* MainStyle.swift */; };
		E55003D81A1E2AEF00D958F0 /* SecureStore.swift in Sources */ = {isa = PBXBuildFile; fileRef = E55003821A1E2ACD00D958F0 /* SecureStore.swift */; };
		E55003DA1A1E2AEF00D958F0 /* Style.swift in Sources */ = {isa = PBXBuildFile; fileRef = E55003841A1E2ACD00D958F0 /* Style.swift */; };
		E55003DB1A1E2AEF00D958F0 /* ThumbnailService.swift in Sources */ = {isa = PBXBuildFile; fileRef = E55003851A1E2ACD00D958F0 /* ThumbnailService.swift */; };
		E55003DC1A1E2AEF00D958F0 /* UserDefaultsStore.swift in Sources */ = {isa = PBXBuildFile; fileRef = E55003861A1E2ACD00D958F0 /* UserDefaultsStore.swift */; };
		E55003DE1A1E2AF500D958F0 /* Keychain.swift in Sources */ = {isa = PBXBuildFile; fileRef = E55003891A1E2ACD00D958F0 /* Keychain.swift */; };
		E55003E21A1E2AF500D958F0 /* UIColor+RGBA.swift in Sources */ = {isa = PBXBuildFile; fileRef = E550038D1A1E2ACD00D958F0 /* UIColor+RGBA.swift */; };
		E55003F41A1E2B2400D958F0 /* AppDelegate.swift in Sources */ = {isa = PBXBuildFile; fileRef = E5BC969419DC55E7006093AD /* AppDelegate.swift */; };
		E55003FE1A1E323100D958F0 /* Session+SecureData.swift in Sources */ = {isa = PBXBuildFile; fileRef = E55003FD1A1E323100D958F0 /* Session+SecureData.swift */; };
		E55003FF1A1E323100D958F0 /* Session+SecureData.swift in Sources */ = {isa = PBXBuildFile; fileRef = E55003FD1A1E323100D958F0 /* Session+SecureData.swift */; };
		E55004011A1E325400D958F0 /* NSURLCredential+SecureData.swift in Sources */ = {isa = PBXBuildFile; fileRef = E55004001A1E325400D958F0 /* NSURLCredential+SecureData.swift */; };
		E55004021A1E325400D958F0 /* NSURLCredential+SecureData.swift in Sources */ = {isa = PBXBuildFile; fileRef = E55004001A1E325400D958F0 /* NSURLCredential+SecureData.swift */; };
		E5606A681A22666000AAF7C2 /* AuthenticationService.swift in Sources */ = {isa = PBXBuildFile; fileRef = E5606A671A22666000AAF7C2 /* AuthenticationService.swift */; };
		E5606A6A1A22681600AAF7C2 /* LoginService.swift in Sources */ = {isa = PBXBuildFile; fileRef = E5606A691A22681600AAF7C2 /* LoginService.swift */; };
		E5606A6B1A22681B00AAF7C2 /* LoginService.swift in Sources */ = {isa = PBXBuildFile; fileRef = E5606A691A22681600AAF7C2 /* LoginService.swift */; };
		E5606A721A22745800AAF7C2 /* AuthenticationService.swift in Sources */ = {isa = PBXBuildFile; fileRef = E5606A671A22666000AAF7C2 /* AuthenticationService.swift */; };
		E57542FD1A2B9D4600F8231F /* UIImage+Template.swift in Sources */ = {isa = PBXBuildFile; fileRef = E57542FC1A2B9D4600F8231F /* UIImage+Template.swift */; };
		E57543011A2B9D4C00F8231F /* UIImage+Template.swift in Sources */ = {isa = PBXBuildFile; fileRef = E57542FC1A2B9D4600F8231F /* UIImage+Template.swift */; };
		E580CCA21A3E49B1002FF6C2 /* APIRequest.swift in Sources */ = {isa = PBXBuildFile; fileRef = E580CCA11A3E49B1002FF6C2 /* APIRequest.swift */; };
		E580CCA31A3E49B1002FF6C2 /* APIRequest.swift in Sources */ = {isa = PBXBuildFile; fileRef = E580CCA11A3E49B1002FF6C2 /* APIRequest.swift */; };
		E581F3EE1AA24C7E006E8003 /* MainBundleInfo.swift in Sources */ = {isa = PBXBuildFile; fileRef = E581F3ED1AA24C7E006E8003 /* MainBundleInfo.swift */; };
		E581F3EF1AA24C7E006E8003 /* MainBundleInfo.swift in Sources */ = {isa = PBXBuildFile; fileRef = E581F3ED1AA24C7E006E8003 /* MainBundleInfo.swift */; };
		E581F3F51AA26072006E8003 /* Flow.swift in Sources */ = {isa = PBXBuildFile; fileRef = E581F3F41AA26072006E8003 /* Flow.swift */; };
		E581F3F61AA26072006E8003 /* Flow.swift in Sources */ = {isa = PBXBuildFile; fileRef = E581F3F41AA26072006E8003 /* Flow.swift */; };
		E581F4011AA2D804006E8003 /* NavigationFlow.swift in Sources */ = {isa = PBXBuildFile; fileRef = E581F4001AA2D804006E8003 /* NavigationFlow.swift */; };
		E581F4021AA2D804006E8003 /* NavigationFlow.swift in Sources */ = {isa = PBXBuildFile; fileRef = E581F4001AA2D804006E8003 /* NavigationFlow.swift */; };
		E581F4071AA37FD3006E8003 /* TabFlow.swift in Sources */ = {isa = PBXBuildFile; fileRef = E581F4061AA37FD3006E8003 /* TabFlow.swift */; };
		E581F4081AA37FD3006E8003 /* TabFlow.swift in Sources */ = {isa = PBXBuildFile; fileRef = E581F4061AA37FD3006E8003 /* TabFlow.swift */; };
		E584D8BE1A52F0A20039D60E /* VoteRequest.swift in Sources */ = {isa = PBXBuildFile; fileRef = E584D8BD1A52F0A20039D60E /* VoteRequest.swift */; };
		E584D8BF1A52F0A20039D60E /* VoteRequest.swift in Sources */ = {isa = PBXBuildFile; fileRef = E584D8BD1A52F0A20039D60E /* VoteRequest.swift */; };
		E584D8C11A52FCAD0039D60E /* NSURLRequest+Session.swift in Sources */ = {isa = PBXBuildFile; fileRef = E584D8C01A52FCAD0039D60E /* NSURLRequest+Session.swift */; };
		E584D8C21A52FCAD0039D60E /* NSURLRequest+Session.swift in Sources */ = {isa = PBXBuildFile; fileRef = E584D8C01A52FCAD0039D60E /* NSURLRequest+Session.swift */; };
		E590A0A71A34BAD600913D41 /* AddAccountInteractor.swift in Sources */ = {isa = PBXBuildFile; fileRef = E590A0A61A34BAD600913D41 /* AddAccountInteractor.swift */; };
		E590A0A81A34BAD600913D41 /* AddAccountInteractor.swift in Sources */ = {isa = PBXBuildFile; fileRef = E590A0A61A34BAD600913D41 /* AddAccountInteractor.swift */; };
		E59EA93A1A159DFA00FAD444 /* SessionMapperTests.swift in Sources */ = {isa = PBXBuildFile; fileRef = E59EA9391A159DFA00FAD444 /* SessionMapperTests.swift */; };
		E5A928D51A32CD1C0071875D /* FieryCrucible.framework in Frameworks */ = {isa = PBXBuildFile; fileRef = E5A928D01A32CC5F0071875D /* FieryCrucible.framework */; };
		E5A928D61A32CD1C0071875D /* FieryCrucible.framework in Embed Frameworks */ = {isa = PBXBuildFile; fileRef = E5A928D01A32CC5F0071875D /* FieryCrucible.framework */; settings = {ATTRIBUTES = (CodeSignOnCopy, RemoveHeadersOnCopy, ); }; };
		E5BC969519DC55E7006093AD /* AppDelegate.swift in Sources */ = {isa = PBXBuildFile; fileRef = E5BC969419DC55E7006093AD /* AppDelegate.swift */; };
		E5BC969E19DC55E7006093AD /* Images.xcassets in Resources */ = {isa = PBXBuildFile; fileRef = E5BC969D19DC55E7006093AD /* Images.xcassets */; };
		E5BC96A119DC55E7006093AD /* LaunchScreen.xib in Resources */ = {isa = PBXBuildFile; fileRef = E5BC969F19DC55E7006093AD /* LaunchScreen.xib */; };
		E5BC96AD19DC55E7006093AD /* MidnightBaconTests.swift in Sources */ = {isa = PBXBuildFile; fileRef = E5BC96AC19DC55E7006093AD /* MidnightBaconTests.swift */; };
		E5CAED081A17F2A800AB3DD4 /* EntityTranslationTests.swift in Sources */ = {isa = PBXBuildFile; fileRef = E5CAED071A17F2A800AB3DD4 /* EntityTranslationTests.swift */; };
		E5E710B31A3A95EB0061327A /* RedditFactory.swift in Sources */ = {isa = PBXBuildFile; fileRef = E5E710B21A3A95EB0061327A /* RedditFactory.swift */; };
		E5E710B41A3A95EB0061327A /* RedditFactory.swift in Sources */ = {isa = PBXBuildFile; fileRef = E5E710B21A3A95EB0061327A /* RedditFactory.swift */; };
		E5E710BA1A3A96720061327A /* Kind.swift in Sources */ = {isa = PBXBuildFile; fileRef = E5E710B91A3A96720061327A /* Kind.swift */; };
		E5E710BB1A3A96720061327A /* Kind.swift in Sources */ = {isa = PBXBuildFile; fileRef = E5E710B91A3A96720061327A /* Kind.swift */; };
		E5E710BD1A3AA3D00061327A /* Thing.swift in Sources */ = {isa = PBXBuildFile; fileRef = E5E710BC1A3AA3D00061327A /* Thing.swift */; };
		E5E710BE1A3AA3D00061327A /* Thing.swift in Sources */ = {isa = PBXBuildFile; fileRef = E5E710BC1A3AA3D00061327A /* Thing.swift */; };
		E5E710C01A3AAA4A0061327A /* RedditMapper.swift in Sources */ = {isa = PBXBuildFile; fileRef = E5E710BF1A3AAA4A0061327A /* RedditMapper.swift */; };
		E5E710C11A3AAA4A0061327A /* RedditMapper.swift in Sources */ = {isa = PBXBuildFile; fileRef = E5E710BF1A3AAA4A0061327A /* RedditMapper.swift */; };
		E5E710C31A3AAAAB0061327A /* ThingMapper.swift in Sources */ = {isa = PBXBuildFile; fileRef = E5E710C21A3AAAAB0061327A /* ThingMapper.swift */; };
		E5E710C41A3AAAAB0061327A /* ThingMapper.swift in Sources */ = {isa = PBXBuildFile; fileRef = E5E710C21A3AAAAB0061327A /* ThingMapper.swift */; };
		E5E710C61A3AAC6F0061327A /* LinkMapper.swift in Sources */ = {isa = PBXBuildFile; fileRef = E5E710C51A3AAC6F0061327A /* LinkMapper.swift */; };
		E5E710C71A3AAC6F0061327A /* LinkMapper.swift in Sources */ = {isa = PBXBuildFile; fileRef = E5E710C51A3AAC6F0061327A /* LinkMapper.swift */; };
		E5E710C91A3AAD6D0061327A /* ListingMapper.swift in Sources */ = {isa = PBXBuildFile; fileRef = E5E710C81A3AAD6D0061327A /* ListingMapper.swift */; };
		E5E710CA1A3AAD6D0061327A /* ListingMapper.swift in Sources */ = {isa = PBXBuildFile; fileRef = E5E710C81A3AAD6D0061327A /* ListingMapper.swift */; };
		E5F8A70C1A413172005B6BBD /* AuthorizeRequest.swift in Sources */ = {isa = PBXBuildFile; fileRef = E5F8A70B1A413172005B6BBD /* AuthorizeRequest.swift */; };
		E5F8A70D1A413172005B6BBD /* AuthorizeRequest.swift in Sources */ = {isa = PBXBuildFile; fileRef = E5F8A70B1A413172005B6BBD /* AuthorizeRequest.swift */; };
		E5F8A70F1A413473005B6BBD /* OAuthScope.swift in Sources */ = {isa = PBXBuildFile; fileRef = E5F8A70E1A413473005B6BBD /* OAuthScope.swift */; };
		E5F8A7101A413473005B6BBD /* OAuthScope.swift in Sources */ = {isa = PBXBuildFile; fileRef = E5F8A70E1A413473005B6BBD /* OAuthScope.swift */; };
		E5F8A7121A41374E005B6BBD /* OAuthError.swift in Sources */ = {isa = PBXBuildFile; fileRef = E5F8A7111A41374E005B6BBD /* OAuthError.swift */; };
		E5F8A7131A41374E005B6BBD /* OAuthError.swift in Sources */ = {isa = PBXBuildFile; fileRef = E5F8A7111A41374E005B6BBD /* OAuthError.swift */; };
		E5F8A7151A413845005B6BBD /* OAuthAuthorizeResponse.swift in Sources */ = {isa = PBXBuildFile; fileRef = E5F8A7141A413845005B6BBD /* OAuthAuthorizeResponse.swift */; };
		E5F8A7161A413845005B6BBD /* OAuthAuthorizeResponse.swift in Sources */ = {isa = PBXBuildFile; fileRef = E5F8A7141A413845005B6BBD /* OAuthAuthorizeResponse.swift */; };
		E5FC1E3F1A20378E0066F3EC /* UIBarButtonItem+Factory.swift in Sources */ = {isa = PBXBuildFile; fileRef = E5FC1E3E1A20378E0066F3EC /* UIBarButtonItem+Factory.swift */; };
		E5FC1E401A2037970066F3EC /* UIBarButtonItem+Factory.swift in Sources */ = {isa = PBXBuildFile; fileRef = E5FC1E3E1A20378E0066F3EC /* UIBarButtonItem+Factory.swift */; };
		E5FC1E4D1A2176980066F3EC /* SessionService.swift in Sources */ = {isa = PBXBuildFile; fileRef = E5FC1E4C1A2176980066F3EC /* SessionService.swift */; };
		E5FC1E4E1A2176980066F3EC /* SessionService.swift in Sources */ = {isa = PBXBuildFile; fileRef = E5FC1E4C1A2176980066F3EC /* SessionService.swift */; };
/* End PBXBuildFile section */

/* Begin PBXContainerItemProxy section */
		E521D9941A00E830004683DE /* PBXContainerItemProxy */ = {
			isa = PBXContainerItemProxy;
			containerPortal = E545193D19E045190066D2B6 /* ModestProposal.xcodeproj */;
			proxyType = 1;
			remoteGlobalIDString = E5F495F019DCA80B00B80DB4;
			remoteInfo = ModestProposal;
		};
		E521D9981A00E830004683DE /* PBXContainerItemProxy */ = {
			isa = PBXContainerItemProxy;
			containerPortal = E5BC96B619DC5604006093AD /* FranticApparatus.xcodeproj */;
			proxyType = 1;
			remoteGlobalIDString = E55CA21019C676DC00E66980;
			remoteInfo = FranticApparatus;
		};
		E538F60C1A03BA780076108F /* PBXContainerItemProxy */ = {
			isa = PBXContainerItemProxy;
			containerPortal = E538F6071A03BA780076108F /* DrapierLayout.xcodeproj */;
			proxyType = 2;
			remoteGlobalIDString = E599938D1A033B44005FC4CF;
			remoteInfo = DrapierLayout;
		};
		E538F60E1A03BA780076108F /* PBXContainerItemProxy */ = {
			isa = PBXContainerItemProxy;
			containerPortal = E538F6071A03BA780076108F /* DrapierLayout.xcodeproj */;
			proxyType = 2;
			remoteGlobalIDString = E59993981A033B44005FC4CF;
			remoteInfo = DrapierLayoutTests;
		};
		E538F6141A03BA8C0076108F /* PBXContainerItemProxy */ = {
			isa = PBXContainerItemProxy;
			containerPortal = E538F6071A03BA780076108F /* DrapierLayout.xcodeproj */;
			proxyType = 1;
			remoteGlobalIDString = E5323B941A9A38A400571CB2;
			remoteInfo = DrapierLayout;
		};
		E545194219E045190066D2B6 /* PBXContainerItemProxy */ = {
			isa = PBXContainerItemProxy;
			containerPortal = E545193D19E045190066D2B6 /* ModestProposal.xcodeproj */;
			proxyType = 2;
			remoteGlobalIDString = E5F495F119DCA80B00B80DB4;
			remoteInfo = ModestProposal;
		};
		E545194419E045190066D2B6 /* PBXContainerItemProxy */ = {
			isa = PBXContainerItemProxy;
			containerPortal = E545193D19E045190066D2B6 /* ModestProposal.xcodeproj */;
			proxyType = 2;
			remoteGlobalIDString = E5F495FC19DCA80B00B80DB4;
			remoteInfo = ModestProposalTests;
		};
		E5A928CF1A32CC5F0071875D /* PBXContainerItemProxy */ = {
			isa = PBXContainerItemProxy;
			containerPortal = E5A928C91A32CC5F0071875D /* FieryCrucible.xcodeproj */;
			proxyType = 2;
			remoteGlobalIDString = E53405AA1A3020CE00A474C1;
			remoteInfo = FieryCrucible;
		};
		E5A928D11A32CC5F0071875D /* PBXContainerItemProxy */ = {
			isa = PBXContainerItemProxy;
			containerPortal = E5A928C91A32CC5F0071875D /* FieryCrucible.xcodeproj */;
			proxyType = 2;
			remoteGlobalIDString = E53405B51A3020CF00A474C1;
			remoteInfo = FieryCrucibleTests;
		};
		E5A928D71A32CD1C0071875D /* PBXContainerItemProxy */ = {
			isa = PBXContainerItemProxy;
			containerPortal = E5A928C91A32CC5F0071875D /* FieryCrucible.xcodeproj */;
			proxyType = 1;
			remoteGlobalIDString = E53405A91A3020CE00A474C1;
			remoteInfo = FieryCrucible;
		};
		E5BC96A719DC55E7006093AD /* PBXContainerItemProxy */ = {
			isa = PBXContainerItemProxy;
			containerPortal = E5BC968719DC55E7006093AD /* Project object */;
			proxyType = 1;
			remoteGlobalIDString = E5BC968E19DC55E7006093AD;
			remoteInfo = MidnightBacon;
		};
		E5BC96BC19DC5604006093AD /* PBXContainerItemProxy */ = {
			isa = PBXContainerItemProxy;
			containerPortal = E5BC96B619DC5604006093AD /* FranticApparatus.xcodeproj */;
			proxyType = 2;
			remoteGlobalIDString = E55CA21119C676DC00E66980;
			remoteInfo = FranticApparatus;
		};
		E5BC96BE19DC5604006093AD /* PBXContainerItemProxy */ = {
			isa = PBXContainerItemProxy;
			containerPortal = E5BC96B619DC5604006093AD /* FranticApparatus.xcodeproj */;
			proxyType = 2;
			remoteGlobalIDString = E55CA21C19C676DC00E66980;
			remoteInfo = FranticApparatusTests;
		};
/* End PBXContainerItemProxy section */

/* Begin PBXCopyFilesBuildPhase section */
		E521D99A1A00E830004683DE /* Embed Frameworks */ = {
			isa = PBXCopyFilesBuildPhase;
			buildActionMask = 2147483647;
			dstPath = "";
			dstSubfolderSpec = 10;
			files = (
				E521D9971A00E830004683DE /* FranticApparatus.framework in Embed Frameworks */,
				E538F6131A03BA8C0076108F /* DrapierLayout.framework in Embed Frameworks */,
				E521D9931A00E830004683DE /* ModestProposal.framework in Embed Frameworks */,
				E5A928D61A32CD1C0071875D /* FieryCrucible.framework in Embed Frameworks */,
			);
			name = "Embed Frameworks";
			runOnlyForDeploymentPostprocessing = 0;
		};
/* End PBXCopyFilesBuildPhase section */

/* Begin PBXFileReference section */
		090BDF261A309A4C00E7343A /* SharedFactory.swift */ = {isa = PBXFileReference; fileEncoding = 4; lastKnownFileType = sourcecode.swift; path = SharedFactory.swift; sourceTree = "<group>"; };
		0972446A1A64010700116F10 /* DebugFlow.swift */ = {isa = PBXFileReference; fileEncoding = 4; lastKnownFileType = sourcecode.swift; path = DebugFlow.swift; sourceTree = "<group>"; };
		09AA73791A39D19600D41063 /* Account.swift */ = {isa = PBXFileReference; fileEncoding = 4; lastKnownFileType = sourcecode.swift; path = Account.swift; sourceTree = "<group>"; };
		09AA73801A39D3E700D41063 /* AccountMapper.swift */ = {isa = PBXFileReference; fileEncoding = 4; lastKnownFileType = sourcecode.swift; path = AccountMapper.swift; sourceTree = "<group>"; };
		09B6895E1A5C1864003E53CF /* AccessTokenDetails.swift */ = {isa = PBXFileReference; fileEncoding = 4; lastKnownFileType = sourcecode.swift; path = AccessTokenDetails.swift; sourceTree = "<group>"; };
		09BE0A511A41B9F4006016B5 /* OAuthAuthorizationCodeRequest.swift */ = {isa = PBXFileReference; fileEncoding = 4; lastKnownFileType = sourcecode.swift; path = OAuthAuthorizationCodeRequest.swift; sourceTree = "<group>"; };
		09E5C9D61A5D6A0800299A01 /* OAuthGrantType.swift */ = {isa = PBXFileReference; fileEncoding = 4; lastKnownFileType = sourcecode.swift; path = OAuthGrantType.swift; sourceTree = "<group>"; };
		09E5C9D91A5D6AA400299A01 /* OAuthRefreshTokenRequest.swift */ = {isa = PBXFileReference; fileEncoding = 4; lastKnownFileType = sourcecode.swift; path = OAuthRefreshTokenRequest.swift; sourceTree = "<group>"; };
		09E5C9DC1A5D6C4700299A01 /* OAuthRevokeTokenRequest.swift */ = {isa = PBXFileReference; fileEncoding = 4; lastKnownFileType = sourcecode.swift; path = OAuthRevokeTokenRequest.swift; sourceTree = "<group>"; };
		09F725D21A372F8000D490EA /* RedditUserInteractor.swift */ = {isa = PBXFileReference; fileEncoding = 4; lastKnownFileType = sourcecode.swift; path = RedditUserInteractor.swift; sourceTree = "<group>"; };
		E50A85591A336DCD00379FE4 /* AccountsFlow.swift */ = {isa = PBXFileReference; fileEncoding = 4; lastKnownFileType = sourcecode.swift; path = AccountsFlow.swift; sourceTree = "<group>"; };
		E50A855A1A336DCD00379FE4 /* AccountsFactory.swift */ = {isa = PBXFileReference; fileEncoding = 4; lastKnownFileType = sourcecode.swift; path = AccountsFactory.swift; sourceTree = "<group>"; };
		E50A855B1A336DCD00379FE4 /* AccountsMenuLoader.swift */ = {isa = PBXFileReference; fileEncoding = 4; lastKnownFileType = sourcecode.swift; path = AccountsMenuLoader.swift; sourceTree = "<group>"; };
		E50A85601A336DCD00379FE4 /* SubredditsFlow.swift */ = {isa = PBXFileReference; fileEncoding = 4; lastKnownFileType = sourcecode.swift; path = SubredditsFlow.swift; sourceTree = "<group>"; };
		E50A85611A336DCD00379FE4 /* SubredditsFactory.swift */ = {isa = PBXFileReference; fileEncoding = 4; lastKnownFileType = sourcecode.swift; path = SubredditsFactory.swift; sourceTree = "<group>"; };
		E50A85621A336DCD00379FE4 /* SubredditsMenuBuilder.swift */ = {isa = PBXFileReference; fileEncoding = 4; lastKnownFileType = sourcecode.swift; path = SubredditsMenuBuilder.swift; sourceTree = "<group>"; };
		E50A85641A336DCD00379FE4 /* LinkCell.swift */ = {isa = PBXFileReference; fileEncoding = 4; lastKnownFileType = sourcecode.swift; path = LinkCell.swift; sourceTree = "<group>"; };
		E50A85651A336DCD00379FE4 /* LinksViewController.swift */ = {isa = PBXFileReference; fileEncoding = 4; lastKnownFileType = sourcecode.swift; path = LinksViewController.swift; sourceTree = "<group>"; };
		E50A85661A336DCD00379FE4 /* TextOnlyLinkCell.swift */ = {isa = PBXFileReference; fileEncoding = 4; lastKnownFileType = sourcecode.swift; path = TextOnlyLinkCell.swift; sourceTree = "<group>"; };
		E50A85671A336DCD00379FE4 /* ThumbnailLinkCell.swift */ = {isa = PBXFileReference; fileEncoding = 4; lastKnownFileType = sourcecode.swift; path = ThumbnailLinkCell.swift; sourceTree = "<group>"; };
		E50A857D1A336E9900379FE4 /* LoginViewController.swift */ = {isa = PBXFileReference; fileEncoding = 4; lastKnownFileType = sourcecode.swift; path = LoginViewController.swift; sourceTree = "<group>"; };
		E50A85821A336EB600379FE4 /* ActivityIndicatorCell.swift */ = {isa = PBXFileReference; fileEncoding = 4; lastKnownFileType = sourcecode.swift; path = ActivityIndicatorCell.swift; sourceTree = "<group>"; };
		E50A85831A336EB600379FE4 /* LoadedMenuViewController.swift */ = {isa = PBXFileReference; fileEncoding = 4; lastKnownFileType = sourcecode.swift; path = LoadedMenuViewController.swift; sourceTree = "<group>"; };
		E50A85841A336EB600379FE4 /* MenuViewController.swift */ = {isa = PBXFileReference; fileEncoding = 4; lastKnownFileType = sourcecode.swift; path = MenuViewController.swift; sourceTree = "<group>"; };
		E50A85851A336EB600379FE4 /* TabBarController.swift */ = {isa = PBXFileReference; fileEncoding = 4; lastKnownFileType = sourcecode.swift; path = TabBarController.swift; sourceTree = "<group>"; };
		E50A85861A336EB600379FE4 /* TableViewController.swift */ = {isa = PBXFileReference; fileEncoding = 4; lastKnownFileType = sourcecode.swift; path = TableViewController.swift; sourceTree = "<group>"; };
		E50A85871A336EB600379FE4 /* WebViewController.swift */ = {isa = PBXFileReference; fileEncoding = 4; lastKnownFileType = sourcecode.swift; path = WebViewController.swift; sourceTree = "<group>"; };
		E50A85951A336F6800379FE4 /* Menu.swift */ = {isa = PBXFileReference; fileEncoding = 4; lastKnownFileType = sourcecode.swift; path = Menu.swift; sourceTree = "<group>"; };
		E50A85991A336FA100379FE4 /* LinksInteractor.swift */ = {isa = PBXFileReference; fileEncoding = 4; lastKnownFileType = sourcecode.swift; path = LinksInteractor.swift; sourceTree = "<group>"; };
		E50A859C1A336FDE00379FE4 /* ConfigureMenuBuilder.swift */ = {isa = PBXFileReference; fileEncoding = 4; lastKnownFileType = sourcecode.swift; path = ConfigureMenuBuilder.swift; sourceTree = "<group>"; };
		E50A859F1A336FF200379FE4 /* ConfigureFactory.swift */ = {isa = PBXFileReference; fileEncoding = 4; lastKnownFileType = sourcecode.swift; path = ConfigureFactory.swift; sourceTree = "<group>"; };
		E50A85A21A33700100379FE4 /* ConfigureController.swift */ = {isa = PBXFileReference; fileEncoding = 4; lastKnownFileType = sourcecode.swift; path = ConfigureController.swift; sourceTree = "<group>"; };
		E50A85A51A33701600379FE4 /* MessagesController.swift */ = {isa = PBXFileReference; fileEncoding = 4; lastKnownFileType = sourcecode.swift; path = MessagesController.swift; sourceTree = "<group>"; };
		E50A85A81A33702700379FE4 /* MessagesFactory.swift */ = {isa = PBXFileReference; fileEncoding = 4; lastKnownFileType = sourcecode.swift; path = MessagesFactory.swift; sourceTree = "<group>"; };
		E50A85AE1A33703E00379FE4 /* SearchController.swift */ = {isa = PBXFileReference; fileEncoding = 4; lastKnownFileType = sourcecode.swift; path = SearchController.swift; sourceTree = "<group>"; };
		E50A85B11A33704900379FE4 /* SearchFactory.swift */ = {isa = PBXFileReference; fileEncoding = 4; lastKnownFileType = sourcecode.swift; path = SearchFactory.swift; sourceTree = "<group>"; };
		E50DD30E1A48811A00C056F8 /* Promise+Outcome.swift */ = {isa = PBXFileReference; fileEncoding = 4; lastKnownFileType = sourcecode.swift; path = "Promise+Outcome.swift"; sourceTree = "<group>"; };
		E510DD061A3E4FC700DAD4F1 /* ClearSessionsRequest.swift */ = {isa = PBXFileReference; fileEncoding = 4; lastKnownFileType = sourcecode.swift; path = ClearSessionsRequest.swift; sourceTree = "<group>"; };
		E510DD091A3E4FE600DAD4F1 /* MeRequest.swift */ = {isa = PBXFileReference; fileEncoding = 4; lastKnownFileType = sourcecode.swift; path = MeRequest.swift; sourceTree = "<group>"; };
		E510DD0D1A3E511100DAD4F1 /* SubredditRequest.swift */ = {isa = PBXFileReference; fileEncoding = 4; lastKnownFileType = sourcecode.swift; path = SubredditRequest.swift; sourceTree = "<group>"; };
		E510DD131A3E84E100DAD4F1 /* LoginRequest.swift */ = {isa = PBXFileReference; fileEncoding = 4; lastKnownFileType = sourcecode.swift; path = LoginRequest.swift; sourceTree = "<group>"; };
		E52F96991AA162A7000828C2 /* OAuthFactory.swift */ = {isa = PBXFileReference; fileEncoding = 4; lastKnownFileType = sourcecode.swift; path = OAuthFactory.swift; sourceTree = "<group>"; };
		E52F969A1AA162A7000828C2 /* OAuthFlow.swift */ = {isa = PBXFileReference; fileEncoding = 4; lastKnownFileType = sourcecode.swift; path = OAuthFlow.swift; sourceTree = "<group>"; };
		E52F96A01AA1633E000828C2 /* MainFlow.swift */ = {isa = PBXFileReference; fileEncoding = 4; lastKnownFileType = sourcecode.swift; path = MainFlow.swift; sourceTree = "<group>"; };
		E52F96A31AA166B1000828C2 /* MainFactory.swift */ = {isa = PBXFileReference; fileEncoding = 4; lastKnownFileType = sourcecode.swift; path = MainFactory.swift; sourceTree = "<group>"; };
		E52F96A61AA167D8000828C2 /* DebugFactory.swift */ = {isa = PBXFileReference; fileEncoding = 4; lastKnownFileType = sourcecode.swift; path = DebugFactory.swift; sourceTree = "<group>"; };
		E536AE9B1A2AB3C0003D80AE /* PresenterService.swift */ = {isa = PBXFileReference; fileEncoding = 4; lastKnownFileType = sourcecode.swift; path = PresenterService.swift; sourceTree = "<group>"; };
		E538F6071A03BA780076108F /* DrapierLayout.xcodeproj */ = {isa = PBXFileReference; lastKnownFileType = "wrapper.pb-project"; name = DrapierLayout.xcodeproj; path = DrapierLayout/DrapierLayout.xcodeproj; sourceTree = "<group>"; };
		E545193D19E045190066D2B6 /* ModestProposal.xcodeproj */ = {isa = PBXFileReference; lastKnownFileType = "wrapper.pb-project"; name = ModestProposal.xcodeproj; path = ModestProposal/ModestProposal.xcodeproj; sourceTree = "<group>"; };
		E55003721A1E2ACD00D958F0 /* JSON+Reddit.swift */ = {isa = PBXFileReference; fileEncoding = 4; lastKnownFileType = sourcecode.swift; path = "JSON+Reddit.swift"; sourceTree = "<group>"; };
		E55003731A1E2ACD00D958F0 /* Link.swift */ = {isa = PBXFileReference; fileEncoding = 4; lastKnownFileType = sourcecode.swift; path = Link.swift; sourceTree = "<group>"; };
		E55003741A1E2ACD00D958F0 /* Listing.swift */ = {isa = PBXFileReference; fileEncoding = 4; lastKnownFileType = sourcecode.swift; path = Listing.swift; sourceTree = "<group>"; };
		E55003751A1E2ACD00D958F0 /* Reddit.swift */ = {isa = PBXFileReference; fileEncoding = 4; lastKnownFileType = sourcecode.swift; path = Reddit.swift; sourceTree = "<group>"; };
		E55003761A1E2ACD00D958F0 /* RedditError.swift */ = {isa = PBXFileReference; fileEncoding = 4; lastKnownFileType = sourcecode.swift; path = RedditError.swift; sourceTree = "<group>"; };
		E55003771A1E2ACD00D958F0 /* Session.swift */ = {isa = PBXFileReference; fileEncoding = 4; lastKnownFileType = sourcecode.swift; path = Session.swift; sourceTree = "<group>"; };
		E55003781A1E2ACD00D958F0 /* SessionMapper.swift */ = {isa = PBXFileReference; fileEncoding = 4; lastKnownFileType = sourcecode.swift; path = SessionMapper.swift; sourceTree = "<group>"; };
		E55003791A1E2ACD00D958F0 /* VoteDirection.swift */ = {isa = PBXFileReference; fileEncoding = 4; lastKnownFileType = sourcecode.swift; path = VoteDirection.swift; sourceTree = "<group>"; };
		E550037B1A1E2ACD00D958F0 /* Gateway.swift */ = {isa = PBXFileReference; fileEncoding = 4; lastKnownFileType = sourcecode.swift; path = Gateway.swift; sourceTree = "<group>"; };
		E550037E1A1E2ACD00D958F0 /* ImageSource.swift */ = {isa = PBXFileReference; fileEncoding = 4; lastKnownFileType = sourcecode.swift; path = ImageSource.swift; sourceTree = "<group>"; };
		E550037F1A1E2ACD00D958F0 /* InsecureStore.swift */ = {isa = PBXFileReference; fileEncoding = 4; lastKnownFileType = sourcecode.swift; path = InsecureStore.swift; sourceTree = "<group>"; };
		E55003801A1E2ACD00D958F0 /* KeychainStore.swift */ = {isa = PBXFileReference; fileEncoding = 4; lastKnownFileType = sourcecode.swift; path = KeychainStore.swift; sourceTree = "<group>"; };
		E55003811A1E2ACD00D958F0 /* MainStyle.swift */ = {isa = PBXFileReference; fileEncoding = 4; lastKnownFileType = sourcecode.swift; path = MainStyle.swift; sourceTree = "<group>"; };
		E55003821A1E2ACD00D958F0 /* SecureStore.swift */ = {isa = PBXFileReference; fileEncoding = 4; lastKnownFileType = sourcecode.swift; path = SecureStore.swift; sourceTree = "<group>"; };
		E55003841A1E2ACD00D958F0 /* Style.swift */ = {isa = PBXFileReference; fileEncoding = 4; lastKnownFileType = sourcecode.swift; path = Style.swift; sourceTree = "<group>"; };
		E55003851A1E2ACD00D958F0 /* ThumbnailService.swift */ = {isa = PBXFileReference; fileEncoding = 4; lastKnownFileType = sourcecode.swift; path = ThumbnailService.swift; sourceTree = "<group>"; };
		E55003861A1E2ACD00D958F0 /* UserDefaultsStore.swift */ = {isa = PBXFileReference; fileEncoding = 4; lastKnownFileType = sourcecode.swift; path = UserDefaultsStore.swift; sourceTree = "<group>"; };
		E55003891A1E2ACD00D958F0 /* Keychain.swift */ = {isa = PBXFileReference; fileEncoding = 4; lastKnownFileType = sourcecode.swift; path = Keychain.swift; sourceTree = "<group>"; };
		E550038D1A1E2ACD00D958F0 /* UIColor+RGBA.swift */ = {isa = PBXFileReference; fileEncoding = 4; lastKnownFileType = sourcecode.swift; path = "UIColor+RGBA.swift"; sourceTree = "<group>"; };
		E55003FD1A1E323100D958F0 /* Session+SecureData.swift */ = {isa = PBXFileReference; fileEncoding = 4; lastKnownFileType = sourcecode.swift; path = "Session+SecureData.swift"; sourceTree = "<group>"; };
		E55004001A1E325400D958F0 /* NSURLCredential+SecureData.swift */ = {isa = PBXFileReference; fileEncoding = 4; lastKnownFileType = sourcecode.swift; path = "NSURLCredential+SecureData.swift"; sourceTree = "<group>"; };
		E5606A671A22666000AAF7C2 /* AuthenticationService.swift */ = {isa = PBXFileReference; fileEncoding = 4; lastKnownFileType = sourcecode.swift; path = AuthenticationService.swift; sourceTree = "<group>"; };
		E5606A691A22681600AAF7C2 /* LoginService.swift */ = {isa = PBXFileReference; fileEncoding = 4; lastKnownFileType = sourcecode.swift; path = LoginService.swift; sourceTree = "<group>"; };
		E57542FC1A2B9D4600F8231F /* UIImage+Template.swift */ = {isa = PBXFileReference; fileEncoding = 4; lastKnownFileType = sourcecode.swift; path = "UIImage+Template.swift"; sourceTree = "<group>"; };
		E580CCA11A3E49B1002FF6C2 /* APIRequest.swift */ = {isa = PBXFileReference; fileEncoding = 4; lastKnownFileType = sourcecode.swift; path = APIRequest.swift; sourceTree = "<group>"; };
		E581F3ED1AA24C7E006E8003 /* MainBundleInfo.swift */ = {isa = PBXFileReference; fileEncoding = 4; lastKnownFileType = sourcecode.swift; path = MainBundleInfo.swift; sourceTree = "<group>"; };
		E581F3F41AA26072006E8003 /* Flow.swift */ = {isa = PBXFileReference; fileEncoding = 4; lastKnownFileType = sourcecode.swift; path = Flow.swift; sourceTree = "<group>"; };
		E581F4001AA2D804006E8003 /* NavigationFlow.swift */ = {isa = PBXFileReference; fileEncoding = 4; lastKnownFileType = sourcecode.swift; path = NavigationFlow.swift; sourceTree = "<group>"; };
		E581F4061AA37FD3006E8003 /* TabFlow.swift */ = {isa = PBXFileReference; fileEncoding = 4; lastKnownFileType = sourcecode.swift; path = TabFlow.swift; sourceTree = "<group>"; };
		E584D8BD1A52F0A20039D60E /* VoteRequest.swift */ = {isa = PBXFileReference; fileEncoding = 4; lastKnownFileType = sourcecode.swift; path = VoteRequest.swift; sourceTree = "<group>"; };
		E584D8C01A52FCAD0039D60E /* NSURLRequest+Session.swift */ = {isa = PBXFileReference; fileEncoding = 4; lastKnownFileType = sourcecode.swift; path = "NSURLRequest+Session.swift"; sourceTree = "<group>"; };
		E590A0A61A34BAD600913D41 /* AddAccountInteractor.swift */ = {isa = PBXFileReference; fileEncoding = 4; lastKnownFileType = sourcecode.swift; path = AddAccountInteractor.swift; sourceTree = "<group>"; };
		E59EA9391A159DFA00FAD444 /* SessionMapperTests.swift */ = {isa = PBXFileReference; fileEncoding = 4; lastKnownFileType = sourcecode.swift; path = SessionMapperTests.swift; sourceTree = "<group>"; };
		E5A928C91A32CC5F0071875D /* FieryCrucible.xcodeproj */ = {isa = PBXFileReference; lastKnownFileType = "wrapper.pb-project"; name = FieryCrucible.xcodeproj; path = FieryCrucible/FieryCrucible.xcodeproj; sourceTree = "<group>"; };
		E5BC968F19DC55E7006093AD /* MidnightBacon.app */ = {isa = PBXFileReference; explicitFileType = wrapper.application; includeInIndex = 0; path = MidnightBacon.app; sourceTree = BUILT_PRODUCTS_DIR; };
		E5BC969319DC55E7006093AD /* Info.plist */ = {isa = PBXFileReference; lastKnownFileType = text.plist.xml; path = Info.plist; sourceTree = "<group>"; };
		E5BC969419DC55E7006093AD /* AppDelegate.swift */ = {isa = PBXFileReference; lastKnownFileType = sourcecode.swift; path = AppDelegate.swift; sourceTree = "<group>"; };
		E5BC969D19DC55E7006093AD /* Images.xcassets */ = {isa = PBXFileReference; lastKnownFileType = folder.assetcatalog; path = Images.xcassets; sourceTree = "<group>"; };
		E5BC96A019DC55E7006093AD /* Base */ = {isa = PBXFileReference; lastKnownFileType = file.xib; name = Base; path = Base.lproj/LaunchScreen.xib; sourceTree = "<group>"; };
		E5BC96A619DC55E7006093AD /* MidnightBaconTests.xctest */ = {isa = PBXFileReference; explicitFileType = wrapper.cfbundle; includeInIndex = 0; path = MidnightBaconTests.xctest; sourceTree = BUILT_PRODUCTS_DIR; };
		E5BC96AB19DC55E7006093AD /* Info.plist */ = {isa = PBXFileReference; lastKnownFileType = text.plist.xml; path = Info.plist; sourceTree = "<group>"; };
		E5BC96AC19DC55E7006093AD /* MidnightBaconTests.swift */ = {isa = PBXFileReference; lastKnownFileType = sourcecode.swift; path = MidnightBaconTests.swift; sourceTree = "<group>"; };
		E5BC96B619DC5604006093AD /* FranticApparatus.xcodeproj */ = {isa = PBXFileReference; lastKnownFileType = "wrapper.pb-project"; name = FranticApparatus.xcodeproj; path = FranticApparatus/FranticApparatus.xcodeproj; sourceTree = "<group>"; };
		E5CAED071A17F2A800AB3DD4 /* EntityTranslationTests.swift */ = {isa = PBXFileReference; fileEncoding = 4; lastKnownFileType = sourcecode.swift; path = EntityTranslationTests.swift; sourceTree = "<group>"; };
		E5E710B21A3A95EB0061327A /* RedditFactory.swift */ = {isa = PBXFileReference; fileEncoding = 4; lastKnownFileType = sourcecode.swift; path = RedditFactory.swift; sourceTree = "<group>"; };
		E5E710B91A3A96720061327A /* Kind.swift */ = {isa = PBXFileReference; fileEncoding = 4; lastKnownFileType = sourcecode.swift; path = Kind.swift; sourceTree = "<group>"; };
		E5E710BC1A3AA3D00061327A /* Thing.swift */ = {isa = PBXFileReference; fileEncoding = 4; lastKnownFileType = sourcecode.swift; path = Thing.swift; sourceTree = "<group>"; };
		E5E710BF1A3AAA4A0061327A /* RedditMapper.swift */ = {isa = PBXFileReference; fileEncoding = 4; lastKnownFileType = sourcecode.swift; path = RedditMapper.swift; sourceTree = "<group>"; };
		E5E710C21A3AAAAB0061327A /* ThingMapper.swift */ = {isa = PBXFileReference; fileEncoding = 4; lastKnownFileType = sourcecode.swift; path = ThingMapper.swift; sourceTree = "<group>"; };
		E5E710C51A3AAC6F0061327A /* LinkMapper.swift */ = {isa = PBXFileReference; fileEncoding = 4; lastKnownFileType = sourcecode.swift; path = LinkMapper.swift; sourceTree = "<group>"; };
		E5E710C81A3AAD6D0061327A /* ListingMapper.swift */ = {isa = PBXFileReference; fileEncoding = 4; lastKnownFileType = sourcecode.swift; path = ListingMapper.swift; sourceTree = "<group>"; };
		E5F8A70B1A413172005B6BBD /* AuthorizeRequest.swift */ = {isa = PBXFileReference; fileEncoding = 4; lastKnownFileType = sourcecode.swift; path = AuthorizeRequest.swift; sourceTree = "<group>"; };
		E5F8A70E1A413473005B6BBD /* OAuthScope.swift */ = {isa = PBXFileReference; fileEncoding = 4; lastKnownFileType = sourcecode.swift; path = OAuthScope.swift; sourceTree = "<group>"; };
		E5F8A7111A41374E005B6BBD /* OAuthError.swift */ = {isa = PBXFileReference; fileEncoding = 4; lastKnownFileType = sourcecode.swift; path = OAuthError.swift; sourceTree = "<group>"; };
		E5F8A7141A413845005B6BBD /* OAuthAuthorizeResponse.swift */ = {isa = PBXFileReference; fileEncoding = 4; lastKnownFileType = sourcecode.swift; path = OAuthAuthorizeResponse.swift; sourceTree = "<group>"; };
		E5FC1E3E1A20378E0066F3EC /* UIBarButtonItem+Factory.swift */ = {isa = PBXFileReference; fileEncoding = 4; lastKnownFileType = sourcecode.swift; path = "UIBarButtonItem+Factory.swift"; sourceTree = "<group>"; };
		E5FC1E4C1A2176980066F3EC /* SessionService.swift */ = {isa = PBXFileReference; fileEncoding = 4; lastKnownFileType = sourcecode.swift; path = SessionService.swift; sourceTree = "<group>"; };
/* End PBXFileReference section */

/* Begin PBXFrameworksBuildPhase section */
		E5BC968C19DC55E7006093AD /* Frameworks */ = {
			isa = PBXFrameworksBuildPhase;
			buildActionMask = 2147483647;
			files = (
				E521D9961A00E830004683DE /* FranticApparatus.framework in Frameworks */,
				E538F6121A03BA8C0076108F /* DrapierLayout.framework in Frameworks */,
				E521D9921A00E830004683DE /* ModestProposal.framework in Frameworks */,
				E5A928D51A32CD1C0071875D /* FieryCrucible.framework in Frameworks */,
			);
			runOnlyForDeploymentPostprocessing = 0;
		};
		E5BC96A319DC55E7006093AD /* Frameworks */ = {
			isa = PBXFrameworksBuildPhase;
			buildActionMask = 2147483647;
			files = (
			);
			runOnlyForDeploymentPostprocessing = 0;
		};
/* End PBXFrameworksBuildPhase section */

/* Begin PBXGroup section */
		097244651A6400E500116F10 /* Debug */ = {
			isa = PBXGroup;
			children = (
				E52F96A61AA167D8000828C2 /* DebugFactory.swift */,
				0972446A1A64010700116F10 /* DebugFlow.swift */,
			);
			path = Debug;
			sourceTree = "<group>";
		};
		E50A85571A336DCD00379FE4 /* Modules */ = {
			isa = PBXGroup;
			children = (
				E50A85581A336DCD00379FE4 /* Accounts */,
				E50A85801A336EB600379FE4 /* Common */,
				E50A855C1A336DCD00379FE4 /* Configure */,
				097244651A6400E500116F10 /* Debug */,
				E52F969F1AA1633E000828C2 /* Main */,
				E50A855D1A336DCD00379FE4 /* Messages */,
				E52F96981AA162A7000828C2 /* OAuth */,
				E50A855E1A336DCD00379FE4 /* Search */,
				E50A855F1A336DCD00379FE4 /* Subreddits */,
			);
			path = Modules;
			sourceTree = "<group>";
		};
		E50A85581A336DCD00379FE4 /* Accounts */ = {
			isa = PBXGroup;
			children = (
				E50A855A1A336DCD00379FE4 /* AccountsFactory.swift */,
				E50A85591A336DCD00379FE4 /* AccountsFlow.swift */,
				E50A855B1A336DCD00379FE4 /* AccountsMenuLoader.swift */,
				E590A0A51A34BAD600913D41 /* Interactor */,
				E50A857C1A336E9900379FE4 /* View */,
			);
			path = Accounts;
			sourceTree = "<group>";
		};
		E50A855C1A336DCD00379FE4 /* Configure */ = {
			isa = PBXGroup;
			children = (
				E50A859F1A336FF200379FE4 /* ConfigureFactory.swift */,
				E50A85A21A33700100379FE4 /* ConfigureController.swift */,
				E50A859C1A336FDE00379FE4 /* ConfigureMenuBuilder.swift */,
			);
			path = Configure;
			sourceTree = "<group>";
		};
		E50A855D1A336DCD00379FE4 /* Messages */ = {
			isa = PBXGroup;
			children = (
				E50A85A51A33701600379FE4 /* MessagesController.swift */,
				E50A85A81A33702700379FE4 /* MessagesFactory.swift */,
			);
			path = Messages;
			sourceTree = "<group>";
		};
		E50A855E1A336DCD00379FE4 /* Search */ = {
			isa = PBXGroup;
			children = (
				E50A85AE1A33703E00379FE4 /* SearchController.swift */,
				E50A85B11A33704900379FE4 /* SearchFactory.swift */,
			);
			path = Search;
			sourceTree = "<group>";
		};
		E50A855F1A336DCD00379FE4 /* Subreddits */ = {
			isa = PBXGroup;
			children = (
				E50A85611A336DCD00379FE4 /* SubredditsFactory.swift */,
				E50A85601A336DCD00379FE4 /* SubredditsFlow.swift */,
				E50A85621A336DCD00379FE4 /* SubredditsMenuBuilder.swift */,
				E50A85981A336FA100379FE4 /* Interactor */,
				E50A85631A336DCD00379FE4 /* View */,
			);
			path = Subreddits;
			sourceTree = "<group>";
		};
		E50A85631A336DCD00379FE4 /* View */ = {
			isa = PBXGroup;
			children = (
				E50A85641A336DCD00379FE4 /* LinkCell.swift */,
				E50A85651A336DCD00379FE4 /* LinksViewController.swift */,
				E50A85661A336DCD00379FE4 /* TextOnlyLinkCell.swift */,
				E50A85671A336DCD00379FE4 /* ThumbnailLinkCell.swift */,
			);
			path = View;
			sourceTree = "<group>";
		};
		E50A857C1A336E9900379FE4 /* View */ = {
			isa = PBXGroup;
			children = (
				E50A857D1A336E9900379FE4 /* LoginViewController.swift */,
			);
			path = View;
			sourceTree = "<group>";
		};
		E50A85801A336EB600379FE4 /* Common */ = {
			isa = PBXGroup;
			children = (
				E50A85941A336F6800379FE4 /* Model */,
				E50A85811A336EB600379FE4 /* View */,
			);
			path = Common;
			sourceTree = "<group>";
		};
		E50A85811A336EB600379FE4 /* View */ = {
			isa = PBXGroup;
			children = (
				E50A85821A336EB600379FE4 /* ActivityIndicatorCell.swift */,
				E50A85831A336EB600379FE4 /* LoadedMenuViewController.swift */,
				E50A85841A336EB600379FE4 /* MenuViewController.swift */,
				E50A85851A336EB600379FE4 /* TabBarController.swift */,
				E50A85861A336EB600379FE4 /* TableViewController.swift */,
				E50A85871A336EB600379FE4 /* WebViewController.swift */,
			);
			path = View;
			sourceTree = "<group>";
		};
		E50A85941A336F6800379FE4 /* Model */ = {
			isa = PBXGroup;
			children = (
				E50A85951A336F6800379FE4 /* Menu.swift */,
			);
			path = Model;
			sourceTree = "<group>";
		};
		E50A85981A336FA100379FE4 /* Interactor */ = {
			isa = PBXGroup;
			children = (
				E50A85991A336FA100379FE4 /* LinksInteractor.swift */,
			);
			path = Interactor;
			sourceTree = "<group>";
		};
		E510DD001A3E4F9600DAD4F1 /* Request */ = {
			isa = PBXGroup;
			children = (
				E510DD051A3E4FB500DAD4F1 /* Account */,
				E584D8B81A52F08F0039D60E /* LinksComments */,
				E510DD0C1A3E510200DAD4F1 /* Subreddits */,
			);
			path = Request;
			sourceTree = "<group>";
		};
		E510DD051A3E4FB500DAD4F1 /* Account */ = {
			isa = PBXGroup;
			children = (
				E510DD061A3E4FC700DAD4F1 /* ClearSessionsRequest.swift */,
				E510DD131A3E84E100DAD4F1 /* LoginRequest.swift */,
				E510DD091A3E4FE600DAD4F1 /* MeRequest.swift */,
			);
			path = Account;
			sourceTree = "<group>";
		};
		E510DD0C1A3E510200DAD4F1 /* Subreddits */ = {
			isa = PBXGroup;
			children = (
				E510DD0D1A3E511100DAD4F1 /* SubredditRequest.swift */,
			);
			path = Subreddits;
			sourceTree = "<group>";
		};
		E52F96981AA162A7000828C2 /* OAuth */ = {
			isa = PBXGroup;
			children = (
				E52F96991AA162A7000828C2 /* OAuthFactory.swift */,
				E52F969A1AA162A7000828C2 /* OAuthFlow.swift */,
			);
			path = OAuth;
			sourceTree = "<group>";
		};
		E52F969F1AA1633E000828C2 /* Main */ = {
			isa = PBXGroup;
			children = (
				E52F96A31AA166B1000828C2 /* MainFactory.swift */,
				E52F96A01AA1633E000828C2 /* MainFlow.swift */,
			);
			path = Main;
			sourceTree = "<group>";
		};
		E538F6081A03BA780076108F /* Products */ = {
			isa = PBXGroup;
			children = (
				E538F60D1A03BA780076108F /* DrapierLayout.framework */,
				E538F60F1A03BA780076108F /* DrapierLayoutTests.xctest */,
			);
			name = Products;
			sourceTree = "<group>";
		};
		E545193E19E045190066D2B6 /* Products */ = {
			isa = PBXGroup;
			children = (
				E545194319E045190066D2B6 /* ModestProposal.framework */,
				E545194519E045190066D2B6 /* ModestProposalTests.xctest */,
			);
			name = Products;
			sourceTree = "<group>";
		};
		E55003711A1E2ACD00D958F0 /* Reddit */ = {
			isa = PBXGroup;
			children = (
				E5F8A70A1A413172005B6BBD /* OAuth */,
				E510DD001A3E4F9600DAD4F1 /* Request */,
				E55003721A1E2ACD00D958F0 /* JSON+Reddit.swift */,
				E55003731A1E2ACD00D958F0 /* Link.swift */,
				E55003741A1E2ACD00D958F0 /* Listing.swift */,
				E55003751A1E2ACD00D958F0 /* Reddit.swift */,
				E55003761A1E2ACD00D958F0 /* RedditError.swift */,
				E55003771A1E2ACD00D958F0 /* Session.swift */,
				E55003781A1E2ACD00D958F0 /* SessionMapper.swift */,
				E55003791A1E2ACD00D958F0 /* VoteDirection.swift */,
				09AA73791A39D19600D41063 /* Account.swift */,
				09AA73801A39D3E700D41063 /* AccountMapper.swift */,
				E5E710B21A3A95EB0061327A /* RedditFactory.swift */,
				E5E710B91A3A96720061327A /* Kind.swift */,
				E5E710BC1A3AA3D00061327A /* Thing.swift */,
				E5E710BF1A3AAA4A0061327A /* RedditMapper.swift */,
				E5E710C21A3AAAAB0061327A /* ThingMapper.swift */,
				E5E710C51A3AAC6F0061327A /* LinkMapper.swift */,
				E5E710C81A3AAD6D0061327A /* ListingMapper.swift */,
				E580CCA11A3E49B1002FF6C2 /* APIRequest.swift */,
				E584D8C01A52FCAD0039D60E /* NSURLRequest+Session.swift */,
			);
			path = Reddit;
			sourceTree = "<group>";
		};
		E550037A1A1E2ACD00D958F0 /* Services */ = {
			isa = PBXGroup;
			children = (
				E5606A671A22666000AAF7C2 /* AuthenticationService.swift */,
				E550037B1A1E2ACD00D958F0 /* Gateway.swift */,
				E550037E1A1E2ACD00D958F0 /* ImageSource.swift */,
				E550037F1A1E2ACD00D958F0 /* InsecureStore.swift */,
				E55003801A1E2ACD00D958F0 /* KeychainStore.swift */,
				E5606A691A22681600AAF7C2 /* LoginService.swift */,
				E55003811A1E2ACD00D958F0 /* MainStyle.swift */,
				E55004001A1E325400D958F0 /* NSURLCredential+SecureData.swift */,
				E55003821A1E2ACD00D958F0 /* SecureStore.swift */,
				E55003FD1A1E323100D958F0 /* Session+SecureData.swift */,
				E5FC1E4C1A2176980066F3EC /* SessionService.swift */,
				E55003841A1E2ACD00D958F0 /* Style.swift */,
				E55003851A1E2ACD00D958F0 /* ThumbnailService.swift */,
				E55003861A1E2ACD00D958F0 /* UserDefaultsStore.swift */,
				E536AE9B1A2AB3C0003D80AE /* PresenterService.swift */,
				090BDF261A309A4C00E7343A /* SharedFactory.swift */,
			);
			path = Services;
			sourceTree = "<group>";
		};
		E55003871A1E2ACD00D958F0 /* Utility */ = {
			isa = PBXGroup;
			children = (
				E55003891A1E2ACD00D958F0 /* Keychain.swift */,
				E550038D1A1E2ACD00D958F0 /* UIColor+RGBA.swift */,
				E5FC1E3E1A20378E0066F3EC /* UIBarButtonItem+Factory.swift */,
				E57542FC1A2B9D4600F8231F /* UIImage+Template.swift */,
				E50DD30E1A48811A00C056F8 /* Promise+Outcome.swift */,
				E581F3ED1AA24C7E006E8003 /* MainBundleInfo.swift */,
				E581F3F41AA26072006E8003 /* Flow.swift */,
				E581F4001AA2D804006E8003 /* NavigationFlow.swift */,
				E581F4061AA37FD3006E8003 /* TabFlow.swift */,
			);
			path = Utility;
			sourceTree = "<group>";
		};
		E584D8B81A52F08F0039D60E /* LinksComments */ = {
			isa = PBXGroup;
			children = (
				E584D8BD1A52F0A20039D60E /* VoteRequest.swift */,
			);
			path = LinksComments;
			sourceTree = "<group>";
		};
		E590A0A51A34BAD600913D41 /* Interactor */ = {
			isa = PBXGroup;
			children = (
				E590A0A61A34BAD600913D41 /* AddAccountInteractor.swift */,
				09F725D21A372F8000D490EA /* RedditUserInteractor.swift */,
			);
			path = Interactor;
			sourceTree = "<group>";
		};
		E5A928CA1A32CC5F0071875D /* Products */ = {
			isa = PBXGroup;
			children = (
				E5A928D01A32CC5F0071875D /* FieryCrucible.framework */,
				E5A928D21A32CC5F0071875D /* FieryCrucibleTests.xctest */,
			);
			name = Products;
			sourceTree = "<group>";
		};
		E5BC968619DC55E7006093AD = {
			isa = PBXGroup;
			children = (
				E538F6071A03BA780076108F /* DrapierLayout.xcodeproj */,
				E545193D19E045190066D2B6 /* ModestProposal.xcodeproj */,
				E5BC96B619DC5604006093AD /* FranticApparatus.xcodeproj */,
				E5A928C91A32CC5F0071875D /* FieryCrucible.xcodeproj */,
				E5BC969119DC55E7006093AD /* MidnightBacon */,
				E5BC96A919DC55E7006093AD /* MidnightBaconTests */,
				E5BC969019DC55E7006093AD /* Products */,
			);
			sourceTree = "<group>";
		};
		E5BC969019DC55E7006093AD /* Products */ = {
			isa = PBXGroup;
			children = (
				E5BC968F19DC55E7006093AD /* MidnightBacon.app */,
				E5BC96A619DC55E7006093AD /* MidnightBaconTests.xctest */,
			);
			name = Products;
			sourceTree = "<group>";
		};
		E5BC969119DC55E7006093AD /* MidnightBacon */ = {
			isa = PBXGroup;
			children = (
				E50A85571A336DCD00379FE4 /* Modules */,
				E55003711A1E2ACD00D958F0 /* Reddit */,
				E550037A1A1E2ACD00D958F0 /* Services */,
				E55003871A1E2ACD00D958F0 /* Utility */,
				E5BC969419DC55E7006093AD /* AppDelegate.swift */,
				E5BC969D19DC55E7006093AD /* Images.xcassets */,
				E5BC969F19DC55E7006093AD /* LaunchScreen.xib */,
				E5BC969219DC55E7006093AD /* Supporting Files */,
			);
			path = MidnightBacon;
			sourceTree = "<group>";
		};
		E5BC969219DC55E7006093AD /* Supporting Files */ = {
			isa = PBXGroup;
			children = (
				E5BC969319DC55E7006093AD /* Info.plist */,
			);
			name = "Supporting Files";
			sourceTree = "<group>";
		};
		E5BC96A919DC55E7006093AD /* MidnightBaconTests */ = {
			isa = PBXGroup;
			children = (
				E5BC96AC19DC55E7006093AD /* MidnightBaconTests.swift */,
				E5BC96AA19DC55E7006093AD /* Supporting Files */,
				E59EA9391A159DFA00FAD444 /* SessionMapperTests.swift */,
				E5CAED071A17F2A800AB3DD4 /* EntityTranslationTests.swift */,
			);
			path = MidnightBaconTests;
			sourceTree = "<group>";
		};
		E5BC96AA19DC55E7006093AD /* Supporting Files */ = {
			isa = PBXGroup;
			children = (
				E5BC96AB19DC55E7006093AD /* Info.plist */,
			);
			name = "Supporting Files";
			sourceTree = "<group>";
		};
		E5BC96B719DC5604006093AD /* Products */ = {
			isa = PBXGroup;
			children = (
				E5BC96BD19DC5604006093AD /* FranticApparatus.framework */,
				E5BC96BF19DC5604006093AD /* FranticApparatusTests.xctest */,
			);
			name = Products;
			sourceTree = "<group>";
		};
		E5F8A70A1A413172005B6BBD /* OAuth */ = {
			isa = PBXGroup;
			children = (
				E5F8A70E1A413473005B6BBD /* OAuthScope.swift */,
				E5F8A70B1A413172005B6BBD /* AuthorizeRequest.swift */,
				E5F8A7111A41374E005B6BBD /* OAuthError.swift */,
				E5F8A7141A413845005B6BBD /* OAuthAuthorizeResponse.swift */,
				09BE0A511A41B9F4006016B5 /* OAuthAuthorizationCodeRequest.swift */,
				09E5C9D91A5D6AA400299A01 /* OAuthRefreshTokenRequest.swift */,
				09E5C9DC1A5D6C4700299A01 /* OAuthRevokeTokenRequest.swift */,
				09B6895E1A5C1864003E53CF /* AccessTokenDetails.swift */,
				09E5C9D61A5D6A0800299A01 /* OAuthGrantType.swift */,
			);
			path = OAuth;
			sourceTree = "<group>";
		};
/* End PBXGroup section */

/* Begin PBXNativeTarget section */
		E5BC968E19DC55E7006093AD /* MidnightBacon */ = {
			isa = PBXNativeTarget;
			buildConfigurationList = E5BC96B019DC55E7006093AD /* Build configuration list for PBXNativeTarget "MidnightBacon" */;
			buildPhases = (
				E5BC968B19DC55E7006093AD /* Sources */,
				E5BC968C19DC55E7006093AD /* Frameworks */,
				E5BC968D19DC55E7006093AD /* Resources */,
				E521D99A1A00E830004683DE /* Embed Frameworks */,
			);
			buildRules = (
			);
			dependencies = (
				E521D9951A00E830004683DE /* PBXTargetDependency */,
				E521D9991A00E830004683DE /* PBXTargetDependency */,
				E538F6151A03BA8C0076108F /* PBXTargetDependency */,
				E5A928D81A32CD1C0071875D /* PBXTargetDependency */,
			);
			name = MidnightBacon;
			productName = MidnightBacon;
			productReference = E5BC968F19DC55E7006093AD /* MidnightBacon.app */;
			productType = "com.apple.product-type.application";
		};
		E5BC96A519DC55E7006093AD /* MidnightBaconTests */ = {
			isa = PBXNativeTarget;
			buildConfigurationList = E5BC96B319DC55E7006093AD /* Build configuration list for PBXNativeTarget "MidnightBaconTests" */;
			buildPhases = (
				E5BC96A219DC55E7006093AD /* Sources */,
				E5BC96A319DC55E7006093AD /* Frameworks */,
				E5BC96A419DC55E7006093AD /* Resources */,
			);
			buildRules = (
			);
			dependencies = (
				E5BC96A819DC55E7006093AD /* PBXTargetDependency */,
			);
			name = MidnightBaconTests;
			productName = MidnightBaconTests;
			productReference = E5BC96A619DC55E7006093AD /* MidnightBaconTests.xctest */;
			productType = "com.apple.product-type.bundle.unit-test";
		};
/* End PBXNativeTarget section */

/* Begin PBXProject section */
		E5BC968719DC55E7006093AD /* Project object */ = {
			isa = PBXProject;
			attributes = {
				LastUpgradeCheck = 0610;
				ORGANIZATIONNAME = "Justin Kolb";
				TargetAttributes = {
					E5BC968E19DC55E7006093AD = {
						CreatedOnToolsVersion = 6.1;
					};
					E5BC96A519DC55E7006093AD = {
						CreatedOnToolsVersion = 6.1;
						TestTargetID = E5BC968E19DC55E7006093AD;
					};
				};
			};
			buildConfigurationList = E5BC968A19DC55E7006093AD /* Build configuration list for PBXProject "MidnightBacon" */;
			compatibilityVersion = "Xcode 3.2";
			developmentRegion = English;
			hasScannedForEncodings = 0;
			knownRegions = (
				en,
				Base,
			);
			mainGroup = E5BC968619DC55E7006093AD;
			productRefGroup = E5BC969019DC55E7006093AD /* Products */;
			projectDirPath = "";
			projectReferences = (
				{
					ProductGroup = E538F6081A03BA780076108F /* Products */;
					ProjectRef = E538F6071A03BA780076108F /* DrapierLayout.xcodeproj */;
				},
				{
					ProductGroup = E5A928CA1A32CC5F0071875D /* Products */;
					ProjectRef = E5A928C91A32CC5F0071875D /* FieryCrucible.xcodeproj */;
				},
				{
					ProductGroup = E5BC96B719DC5604006093AD /* Products */;
					ProjectRef = E5BC96B619DC5604006093AD /* FranticApparatus.xcodeproj */;
				},
				{
					ProductGroup = E545193E19E045190066D2B6 /* Products */;
					ProjectRef = E545193D19E045190066D2B6 /* ModestProposal.xcodeproj */;
				},
			);
			projectRoot = "";
			targets = (
				E5BC968E19DC55E7006093AD /* MidnightBacon */,
				E5BC96A519DC55E7006093AD /* MidnightBaconTests */,
			);
		};
/* End PBXProject section */

/* Begin PBXReferenceProxy section */
		E538F60D1A03BA780076108F /* DrapierLayout.framework */ = {
			isa = PBXReferenceProxy;
			fileType = wrapper.framework;
			path = DrapierLayout.framework;
			remoteRef = E538F60C1A03BA780076108F /* PBXContainerItemProxy */;
			sourceTree = BUILT_PRODUCTS_DIR;
		};
		E538F60F1A03BA780076108F /* DrapierLayoutTests.xctest */ = {
			isa = PBXReferenceProxy;
			fileType = wrapper.cfbundle;
			path = DrapierLayoutTests.xctest;
			remoteRef = E538F60E1A03BA780076108F /* PBXContainerItemProxy */;
			sourceTree = BUILT_PRODUCTS_DIR;
		};
		E545194319E045190066D2B6 /* ModestProposal.framework */ = {
			isa = PBXReferenceProxy;
			fileType = wrapper.framework;
			path = ModestProposal.framework;
			remoteRef = E545194219E045190066D2B6 /* PBXContainerItemProxy */;
			sourceTree = BUILT_PRODUCTS_DIR;
		};
		E545194519E045190066D2B6 /* ModestProposalTests.xctest */ = {
			isa = PBXReferenceProxy;
			fileType = wrapper.cfbundle;
			path = ModestProposalTests.xctest;
			remoteRef = E545194419E045190066D2B6 /* PBXContainerItemProxy */;
			sourceTree = BUILT_PRODUCTS_DIR;
		};
		E5A928D01A32CC5F0071875D /* FieryCrucible.framework */ = {
			isa = PBXReferenceProxy;
			fileType = wrapper.framework;
			path = FieryCrucible.framework;
			remoteRef = E5A928CF1A32CC5F0071875D /* PBXContainerItemProxy */;
			sourceTree = BUILT_PRODUCTS_DIR;
		};
		E5A928D21A32CC5F0071875D /* FieryCrucibleTests.xctest */ = {
			isa = PBXReferenceProxy;
			fileType = wrapper.cfbundle;
			path = FieryCrucibleTests.xctest;
			remoteRef = E5A928D11A32CC5F0071875D /* PBXContainerItemProxy */;
			sourceTree = BUILT_PRODUCTS_DIR;
		};
		E5BC96BD19DC5604006093AD /* FranticApparatus.framework */ = {
			isa = PBXReferenceProxy;
			fileType = wrapper.framework;
			path = FranticApparatus.framework;
			remoteRef = E5BC96BC19DC5604006093AD /* PBXContainerItemProxy */;
			sourceTree = BUILT_PRODUCTS_DIR;
		};
		E5BC96BF19DC5604006093AD /* FranticApparatusTests.xctest */ = {
			isa = PBXReferenceProxy;
			fileType = wrapper.cfbundle;
			path = FranticApparatusTests.xctest;
			remoteRef = E5BC96BE19DC5604006093AD /* PBXContainerItemProxy */;
			sourceTree = BUILT_PRODUCTS_DIR;
		};
/* End PBXReferenceProxy section */

/* Begin PBXResourcesBuildPhase section */
		E5BC968D19DC55E7006093AD /* Resources */ = {
			isa = PBXResourcesBuildPhase;
			buildActionMask = 2147483647;
			files = (
				E5BC96A119DC55E7006093AD /* LaunchScreen.xib in Resources */,
				E5BC969E19DC55E7006093AD /* Images.xcassets in Resources */,
			);
			runOnlyForDeploymentPostprocessing = 0;
		};
		E5BC96A419DC55E7006093AD /* Resources */ = {
			isa = PBXResourcesBuildPhase;
			buildActionMask = 2147483647;
			files = (
			);
			runOnlyForDeploymentPostprocessing = 0;
		};
/* End PBXResourcesBuildPhase section */

/* Begin PBXSourcesBuildPhase section */
		E5BC968B19DC55E7006093AD /* Sources */ = {
			isa = PBXSourcesBuildPhase;
			buildActionMask = 2147483647;
			files = (
				E5F8A7151A413845005B6BBD /* OAuthAuthorizeResponse.swift in Sources */,
				E584D8C11A52FCAD0039D60E /* NSURLRequest+Session.swift in Sources */,
				E5E710BA1A3A96720061327A /* Kind.swift in Sources */,
				E50A85AF1A33703E00379FE4 /* SearchController.swift in Sources */,
				E5606A6A1A22681600AAF7C2 /* LoginService.swift in Sources */,
				E55004011A1E325400D958F0 /* NSURLCredential+SecureData.swift in Sources */,
				E5E710C01A3AAA4A0061327A /* RedditMapper.swift in Sources */,
				E55003B41A1E2ACD00D958F0 /* ThumbnailService.swift in Sources */,
				E50A856A1A336DCD00379FE4 /* AccountsFactory.swift in Sources */,
				E52F96A11AA1633E000828C2 /* MainFlow.swift in Sources */,
				E590A0A71A34BAD600913D41 /* AddAccountInteractor.swift in Sources */,
				E55003AE1A1E2ACD00D958F0 /* InsecureStore.swift in Sources */,
				E5E710C61A3AAC6F0061327A /* LinkMapper.swift in Sources */,
				E50A85701A336DCD00379FE4 /* SubredditsFactory.swift in Sources */,
				E5E710BD1A3AA3D00061327A /* Thing.swift in Sources */,
				E55003B31A1E2ACD00D958F0 /* Style.swift in Sources */,
				09E5C9DD1A5D6C4700299A01 /* OAuthRevokeTokenRequest.swift in Sources */,
				E52F969D1AA162A7000828C2 /* OAuthFlow.swift in Sources */,
				09BE0A521A41B9F4006016B5 /* OAuthAuthorizationCodeRequest.swift in Sources */,
				E55003B71A1E2ACD00D958F0 /* Keychain.swift in Sources */,
				E5E710C31A3AAAAB0061327A /* ThingMapper.swift in Sources */,
				E55003AD1A1E2ACD00D958F0 /* ImageSource.swift in Sources */,
				E50A85A01A336FF200379FE4 /* ConfigureFactory.swift in Sources */,
				E5FC1E4D1A2176980066F3EC /* SessionService.swift in Sources */,
				E55003A41A1E2ACD00D958F0 /* Listing.swift in Sources */,
				E5FC1E3F1A20378E0066F3EC /* UIBarButtonItem+Factory.swift in Sources */,
				E55003B51A1E2ACD00D958F0 /* UserDefaultsStore.swift in Sources */,
				E5F8A70F1A413473005B6BBD /* OAuthScope.swift in Sources */,
				E510DD0A1A3E4FE600DAD4F1 /* MeRequest.swift in Sources */,
				E536AE9C1A2AB3C0003D80AE /* PresenterService.swift in Sources */,
				E5F8A7121A41374E005B6BBD /* OAuthError.swift in Sources */,
				E50A858A1A336EB600379FE4 /* LoadedMenuViewController.swift in Sources */,
				E55003B11A1E2ACD00D958F0 /* SecureStore.swift in Sources */,
				E510DD0E1A3E511100DAD4F1 /* SubredditRequest.swift in Sources */,
				E52F969B1AA162A7000828C2 /* OAuthFactory.swift in Sources */,
				E581F3F51AA26072006E8003 /* Flow.swift in Sources */,
				E50DD30F1A48811A00C056F8 /* Promise+Outcome.swift in Sources */,
				09AA73811A39D3E700D41063 /* AccountMapper.swift in Sources */,
				E55003BB1A1E2ACD00D958F0 /* UIColor+RGBA.swift in Sources */,
				E50A856E1A336DCD00379FE4 /* SubredditsFlow.swift in Sources */,
				E50A85781A336DCD00379FE4 /* TextOnlyLinkCell.swift in Sources */,
				090BDF271A309A4C00E7343A /* SharedFactory.swift in Sources */,
				E581F3EE1AA24C7E006E8003 /* MainBundleInfo.swift in Sources */,
				E55003A91A1E2ACD00D958F0 /* VoteDirection.swift in Sources */,
				E50A85961A336F6800379FE4 /* Menu.swift in Sources */,
				0972446B1A64010700116F10 /* DebugFlow.swift in Sources */,
				E50A859D1A336FDE00379FE4 /* ConfigureMenuBuilder.swift in Sources */,
				09E5C9D71A5D6A0800299A01 /* OAuthGrantType.swift in Sources */,
				E580CCA21A3E49B1002FF6C2 /* APIRequest.swift in Sources */,
				E50A857A1A336DCD00379FE4 /* ThumbnailLinkCell.swift in Sources */,
				E55003A61A1E2ACD00D958F0 /* RedditError.swift in Sources */,
				E55003A81A1E2ACD00D958F0 /* SessionMapper.swift in Sources */,
				E55003A71A1E2ACD00D958F0 /* Session.swift in Sources */,
				E55003AA1A1E2ACD00D958F0 /* Gateway.swift in Sources */,
				E50A856C1A336DCD00379FE4 /* AccountsMenuLoader.swift in Sources */,
				E50A857E1A336E9900379FE4 /* LoginViewController.swift in Sources */,
				E5E710C91A3AAD6D0061327A /* ListingMapper.swift in Sources */,
				E5E710B31A3A95EB0061327A /* RedditFactory.swift in Sources */,
				E50A85B21A33704900379FE4 /* SearchFactory.swift in Sources */,
				E50A858C1A336EB600379FE4 /* MenuViewController.swift in Sources */,
				E50A85741A336DCD00379FE4 /* LinkCell.swift in Sources */,
				E50A859A1A336FA100379FE4 /* LinksInteractor.swift in Sources */,
				E55003A51A1E2ACD00D958F0 /* Reddit.swift in Sources */,
				09E5C9DA1A5D6AA400299A01 /* OAuthRefreshTokenRequest.swift in Sources */,
				E57542FD1A2B9D4600F8231F /* UIImage+Template.swift in Sources */,
				09F725D31A372F8000D490EA /* RedditUserInteractor.swift in Sources */,
				E50A85A31A33700100379FE4 /* ConfigureController.swift in Sources */,
				E510DD071A3E4FC700DAD4F1 /* ClearSessionsRequest.swift in Sources */,
				E5606A681A22666000AAF7C2 /* AuthenticationService.swift in Sources */,
				E50A85901A336EB600379FE4 /* TableViewController.swift in Sources */,
				E55003B01A1E2ACD00D958F0 /* MainStyle.swift in Sources */,
				E55003FE1A1E323100D958F0 /* Session+SecureData.swift in Sources */,
				E50A85A91A33702700379FE4 /* MessagesFactory.swift in Sources */,
				E52F96A71AA167D8000828C2 /* DebugFactory.swift in Sources */,
				E5F8A70C1A413172005B6BBD /* AuthorizeRequest.swift in Sources */,
				09AA737A1A39D19600D41063 /* Account.swift in Sources */,
				E55003A21A1E2ACD00D958F0 /* JSON+Reddit.swift in Sources */,
				E50A858E1A336EB600379FE4 /* TabBarController.swift in Sources */,
				E55003A31A1E2ACD00D958F0 /* Link.swift in Sources */,
				09B6895F1A5C1864003E53CF /* AccessTokenDetails.swift in Sources */,
				E52F96A41AA166B1000828C2 /* MainFactory.swift in Sources */,
				E510DD141A3E84E100DAD4F1 /* LoginRequest.swift in Sources */,
				E50A85681A336DCD00379FE4 /* AccountsFlow.swift in Sources */,
				E55003AF1A1E2ACD00D958F0 /* KeychainStore.swift in Sources */,
				E50A85881A336EB600379FE4 /* ActivityIndicatorCell.swift in Sources */,
				E581F4011AA2D804006E8003 /* NavigationFlow.swift in Sources */,
				E50A85921A336EB600379FE4 /* WebViewController.swift in Sources */,
				E5BC969519DC55E7006093AD /* AppDelegate.swift in Sources */,
				E581F4071AA37FD3006E8003 /* TabFlow.swift in Sources */,
				E584D8BE1A52F0A20039D60E /* VoteRequest.swift in Sources */,
				E50A85761A336DCD00379FE4 /* LinksViewController.swift in Sources */,
				E50A85721A336DCD00379FE4 /* SubredditsMenuBuilder.swift in Sources */,
				E50A85A61A33701600379FE4 /* MessagesController.swift in Sources */,
			);
			runOnlyForDeploymentPostprocessing = 0;
		};
		E5BC96A219DC55E7006093AD /* Sources */ = {
			isa = PBXSourcesBuildPhase;
			buildActionMask = 2147483647;
			files = (
				E5BC96AD19DC55E7006093AD /* MidnightBaconTests.swift in Sources */,
				E55003D41A1E2AEF00D958F0 /* ImageSource.swift in Sources */,
				E5E710CA1A3AAD6D0061327A /* ListingMapper.swift in Sources */,
				09E5C9DB1A5D6AA400299A01 /* OAuthRefreshTokenRequest.swift in Sources */,
				E581F3EF1AA24C7E006E8003 /* MainBundleInfo.swift in Sources */,
				E55003D71A1E2AEF00D958F0 /* MainStyle.swift in Sources */,
				E5E710BB1A3A96720061327A /* Kind.swift in Sources */,
				E580CCA31A3E49B1002FF6C2 /* APIRequest.swift in Sources */,
				E50A859B1A336FA100379FE4 /* LinksInteractor.swift in Sources */,
				E5606A721A22745800AAF7C2 /* AuthenticationService.swift in Sources */,
				E5F8A7161A413845005B6BBD /* OAuthAuthorizeResponse.swift in Sources */,
				E5E710B41A3A95EB0061327A /* RedditFactory.swift in Sources */,
				E55003C91A1E2AE800D958F0 /* JSON+Reddit.swift in Sources */,
				E55003CD1A1E2AE800D958F0 /* RedditError.swift in Sources */,
				E50A858D1A336EB600379FE4 /* MenuViewController.swift in Sources */,
				E50A85711A336DCD00379FE4 /* SubredditsFactory.swift in Sources */,
				E55004021A1E325400D958F0 /* NSURLCredential+SecureData.swift in Sources */,
				E50A85791A336DCD00379FE4 /* TextOnlyLinkCell.swift in Sources */,
				E50A85AA1A33702700379FE4 /* MessagesFactory.swift in Sources */,
				E55003FF1A1E323100D958F0 /* Session+SecureData.swift in Sources */,
				E50A85971A336F6800379FE4 /* Menu.swift in Sources */,
				E52F96A51AA166B1000828C2 /* MainFactory.swift in Sources */,
				E590A0A81A34BAD600913D41 /* AddAccountInteractor.swift in Sources */,
				E510DD0F1A3E511100DAD4F1 /* SubredditRequest.swift in Sources */,
				E50A85771A336DCD00379FE4 /* LinksViewController.swift in Sources */,
				E581F3F61AA26072006E8003 /* Flow.swift in Sources */,
				E5CAED081A17F2A800AB3DD4 /* EntityTranslationTests.swift in Sources */,
				E536AEA31A2AB8CB003D80AE /* PresenterService.swift in Sources */,
				E55003F41A1E2B2400D958F0 /* AppDelegate.swift in Sources */,
				E50A856F1A336DCD00379FE4 /* SubredditsFlow.swift in Sources */,
				E50A85751A336DCD00379FE4 /* LinkCell.swift in Sources */,
				E52F969C1AA162A7000828C2 /* OAuthFactory.swift in Sources */,
				E55003CC1A1E2AE800D958F0 /* Reddit.swift in Sources */,
				E50A85B31A33704900379FE4 /* SearchFactory.swift in Sources */,
				E510DD0B1A3E4FE600DAD4F1 /* MeRequest.swift in Sources */,
				E59EA93A1A159DFA00FAD444 /* SessionMapperTests.swift in Sources */,
				E50A85691A336DCD00379FE4 /* AccountsFlow.swift in Sources */,
				E5E710C71A3AAC6F0061327A /* LinkMapper.swift in Sources */,
				E55003CB1A1E2AE800D958F0 /* Listing.swift in Sources */,
				0972446C1A64010700116F10 /* DebugFlow.swift in Sources */,
				09BE0A531A41B9F4006016B5 /* OAuthAuthorizationCodeRequest.swift in Sources */,
				E52F96A21AA1633E000828C2 /* MainFlow.swift in Sources */,
				E55003D51A1E2AEF00D958F0 /* InsecureStore.swift in Sources */,
				E50A85A71A33701600379FE4 /* MessagesController.swift in Sources */,
				E5E710C41A3AAAAB0061327A /* ThingMapper.swift in Sources */,
				E581F4021AA2D804006E8003 /* NavigationFlow.swift in Sources */,
				E55003D81A1E2AEF00D958F0 /* SecureStore.swift in Sources */,
				E55003DB1A1E2AEF00D958F0 /* ThumbnailService.swift in Sources */,
				E5606A6B1A22681B00AAF7C2 /* LoginService.swift in Sources */,
				E55003CF1A1E2AE800D958F0 /* SessionMapper.swift in Sources */,
				09AA73821A39D3E700D41063 /* AccountMapper.swift in Sources */,
				E52F96A81AA167D8000828C2 /* DebugFactory.swift in Sources */,
				09E5C9DE1A5D6C4700299A01 /* OAuthRevokeTokenRequest.swift in Sources */,
				E5FC1E401A2037970066F3EC /* UIBarButtonItem+Factory.swift in Sources */,
				E50A859E1A336FDE00379FE4 /* ConfigureMenuBuilder.swift in Sources */,
				090BDF281A309A4C00E7343A /* SharedFactory.swift in Sources */,
				E50A85911A336EB600379FE4 /* TableViewController.swift in Sources */,
				E510DD151A3E84E100DAD4F1 /* LoginRequest.swift in Sources */,
				E5E710C11A3AAA4A0061327A /* RedditMapper.swift in Sources */,
				E5FC1E4E1A2176980066F3EC /* SessionService.swift in Sources */,
				E510DD081A3E4FC700DAD4F1 /* ClearSessionsRequest.swift in Sources */,
				E55003CA1A1E2AE800D958F0 /* Link.swift in Sources */,
				E55003D01A1E2AE800D958F0 /* VoteDirection.swift in Sources */,
				E55003DE1A1E2AF500D958F0 /* Keychain.swift in Sources */,
				E50A856D1A336DCD00379FE4 /* AccountsMenuLoader.swift in Sources */,
				E50A85A11A336FF200379FE4 /* ConfigureFactory.swift in Sources */,
				E584D8C21A52FCAD0039D60E /* NSURLRequest+Session.swift in Sources */,
				09F725D41A372F8000D490EA /* RedditUserInteractor.swift in Sources */,
				E50A85B01A33703E00379FE4 /* SearchController.swift in Sources */,
				E57543011A2B9D4C00F8231F /* UIImage+Template.swift in Sources */,
				E55003D11A1E2AEF00D958F0 /* Gateway.swift in Sources */,
				E5F8A7131A41374E005B6BBD /* OAuthError.swift in Sources */,
				E50A858F1A336EB600379FE4 /* TabBarController.swift in Sources */,
				09B689601A5C1864003E53CF /* AccessTokenDetails.swift in Sources */,
				E50A856B1A336DCD00379FE4 /* AccountsFactory.swift in Sources */,
				E55003D61A1E2AEF00D958F0 /* KeychainStore.swift in Sources */,
				E50A85891A336EB600379FE4 /* ActivityIndicatorCell.swift in Sources */,
				E50DD3141A48848100C056F8 /* Promise+Outcome.swift in Sources */,
				E5F8A7101A413473005B6BBD /* OAuthScope.swift in Sources */,
				E52F969E1AA162A7000828C2 /* OAuthFlow.swift in Sources */,
				E50A85A41A33700100379FE4 /* ConfigureController.swift in Sources */,
				E50A85931A336EB600379FE4 /* WebViewController.swift in Sources */,
				E55003DA1A1E2AEF00D958F0 /* Style.swift in Sources */,
				E581F4081AA37FD3006E8003 /* TabFlow.swift in Sources */,
				E55003CE1A1E2AE800D958F0 /* Session.swift in Sources */,
				09E5C9D81A5D6A6400299A01 /* OAuthGrantType.swift in Sources */,
				E55003E21A1E2AF500D958F0 /* UIColor+RGBA.swift in Sources */,
				E584D8BF1A52F0A20039D60E /* VoteRequest.swift in Sources */,
				E50A857B1A336DCD00379FE4 /* ThumbnailLinkCell.swift in Sources */,
				E5E710BE1A3AA3D00061327A /* Thing.swift in Sources */,
				E5F8A70D1A413172005B6BBD /* AuthorizeRequest.swift in Sources */,
				E50A85731A336DCD00379FE4 /* SubredditsMenuBuilder.swift in Sources */,
				E55003DC1A1E2AEF00D958F0 /* UserDefaultsStore.swift in Sources */,
				E50A857F1A336E9900379FE4 /* LoginViewController.swift in Sources */,
				E50A858B1A336EB600379FE4 /* LoadedMenuViewController.swift in Sources */,
				09AA737B1A39D19600D41063 /* Account.swift in Sources */,
			);
			runOnlyForDeploymentPostprocessing = 0;
		};
/* End PBXSourcesBuildPhase section */

/* Begin PBXTargetDependency section */
		E521D9951A00E830004683DE /* PBXTargetDependency */ = {
			isa = PBXTargetDependency;
			name = ModestProposal;
			targetProxy = E521D9941A00E830004683DE /* PBXContainerItemProxy */;
		};
		E521D9991A00E830004683DE /* PBXTargetDependency */ = {
			isa = PBXTargetDependency;
			name = FranticApparatus;
			targetProxy = E521D9981A00E830004683DE /* PBXContainerItemProxy */;
		};
		E538F6151A03BA8C0076108F /* PBXTargetDependency */ = {
			isa = PBXTargetDependency;
			name = DrapierLayout;
			targetProxy = E538F6141A03BA8C0076108F /* PBXContainerItemProxy */;
		};
		E5A928D81A32CD1C0071875D /* PBXTargetDependency */ = {
			isa = PBXTargetDependency;
			name = FieryCrucible;
			targetProxy = E5A928D71A32CD1C0071875D /* PBXContainerItemProxy */;
		};
		E5BC96A819DC55E7006093AD /* PBXTargetDependency */ = {
			isa = PBXTargetDependency;
			target = E5BC968E19DC55E7006093AD /* MidnightBacon */;
			targetProxy = E5BC96A719DC55E7006093AD /* PBXContainerItemProxy */;
		};
/* End PBXTargetDependency section */

/* Begin PBXVariantGroup section */
		E5BC969F19DC55E7006093AD /* LaunchScreen.xib */ = {
			isa = PBXVariantGroup;
			children = (
				E5BC96A019DC55E7006093AD /* Base */,
			);
			name = LaunchScreen.xib;
			sourceTree = "<group>";
		};
/* End PBXVariantGroup section */

/* Begin XCBuildConfiguration section */
		E5BC96AE19DC55E7006093AD /* Debug */ = {
			isa = XCBuildConfiguration;
			buildSettings = {
				ALWAYS_SEARCH_USER_PATHS = NO;
				CLANG_CXX_LANGUAGE_STANDARD = "gnu++0x";
				CLANG_CXX_LIBRARY = "libc++";
				CLANG_ENABLE_MODULES = YES;
				CLANG_ENABLE_OBJC_ARC = YES;
				CLANG_WARN_BOOL_CONVERSION = YES;
				CLANG_WARN_CONSTANT_CONVERSION = YES;
				CLANG_WARN_DIRECT_OBJC_ISA_USAGE = YES_ERROR;
				CLANG_WARN_EMPTY_BODY = YES;
				CLANG_WARN_ENUM_CONVERSION = YES;
				CLANG_WARN_INT_CONVERSION = YES;
				CLANG_WARN_OBJC_ROOT_CLASS = YES_ERROR;
				CLANG_WARN_UNREACHABLE_CODE = YES;
				CLANG_WARN__DUPLICATE_METHOD_MATCH = YES;
				"CODE_SIGN_IDENTITY[sdk=iphoneos*]" = "iPhone Developer";
				COPY_PHASE_STRIP = NO;
				ENABLE_STRICT_OBJC_MSGSEND = YES;
				GCC_C_LANGUAGE_STANDARD = gnu99;
				GCC_DYNAMIC_NO_PIC = NO;
				GCC_OPTIMIZATION_LEVEL = 0;
				GCC_PREPROCESSOR_DEFINITIONS = (
					"DEBUG=1",
					"$(inherited)",
				);
				GCC_SYMBOLS_PRIVATE_EXTERN = NO;
				GCC_WARN_64_TO_32_BIT_CONVERSION = YES;
				GCC_WARN_ABOUT_RETURN_TYPE = YES_ERROR;
				GCC_WARN_UNDECLARED_SELECTOR = YES;
				GCC_WARN_UNINITIALIZED_AUTOS = YES_AGGRESSIVE;
				GCC_WARN_UNUSED_FUNCTION = YES;
				GCC_WARN_UNUSED_VARIABLE = YES;
				IPHONEOS_DEPLOYMENT_TARGET = 8.1;
				MTL_ENABLE_DEBUG_INFO = YES;
				ONLY_ACTIVE_ARCH = YES;
				SDKROOT = iphoneos;
				SWIFT_OPTIMIZATION_LEVEL = "-Onone";
				TARGETED_DEVICE_FAMILY = "1,2";
			};
			name = Debug;
		};
		E5BC96AF19DC55E7006093AD /* Release */ = {
			isa = XCBuildConfiguration;
			buildSettings = {
				ALWAYS_SEARCH_USER_PATHS = NO;
				CLANG_CXX_LANGUAGE_STANDARD = "gnu++0x";
				CLANG_CXX_LIBRARY = "libc++";
				CLANG_ENABLE_MODULES = YES;
				CLANG_ENABLE_OBJC_ARC = YES;
				CLANG_WARN_BOOL_CONVERSION = YES;
				CLANG_WARN_CONSTANT_CONVERSION = YES;
				CLANG_WARN_DIRECT_OBJC_ISA_USAGE = YES_ERROR;
				CLANG_WARN_EMPTY_BODY = YES;
				CLANG_WARN_ENUM_CONVERSION = YES;
				CLANG_WARN_INT_CONVERSION = YES;
				CLANG_WARN_OBJC_ROOT_CLASS = YES_ERROR;
				CLANG_WARN_UNREACHABLE_CODE = YES;
				CLANG_WARN__DUPLICATE_METHOD_MATCH = YES;
				"CODE_SIGN_IDENTITY[sdk=iphoneos*]" = "iPhone Developer";
				COPY_PHASE_STRIP = YES;
				ENABLE_NS_ASSERTIONS = NO;
				ENABLE_STRICT_OBJC_MSGSEND = YES;
				GCC_C_LANGUAGE_STANDARD = gnu99;
				GCC_WARN_64_TO_32_BIT_CONVERSION = YES;
				GCC_WARN_ABOUT_RETURN_TYPE = YES_ERROR;
				GCC_WARN_UNDECLARED_SELECTOR = YES;
				GCC_WARN_UNINITIALIZED_AUTOS = YES_AGGRESSIVE;
				GCC_WARN_UNUSED_FUNCTION = YES;
				GCC_WARN_UNUSED_VARIABLE = YES;
				IPHONEOS_DEPLOYMENT_TARGET = 8.1;
				MTL_ENABLE_DEBUG_INFO = NO;
				SDKROOT = iphoneos;
				TARGETED_DEVICE_FAMILY = "1,2";
				VALIDATE_PRODUCT = YES;
			};
			name = Release;
		};
		E5BC96B119DC55E7006093AD /* Debug */ = {
			isa = XCBuildConfiguration;
			buildSettings = {
				ASSETCATALOG_COMPILER_APPICON_NAME = AppIcon;
				EMBEDDED_CONTENT_CONTAINS_SWIFT = YES;
				INFOPLIST_FILE = MidnightBacon/Info.plist;
				IPHONEOS_DEPLOYMENT_TARGET = 8.1;
				LD_RUNPATH_SEARCH_PATHS = "$(inherited) @executable_path/Frameworks";
				PRODUCT_NAME = "$(TARGET_NAME)";
			};
			name = Debug;
		};
		E5BC96B219DC55E7006093AD /* Release */ = {
			isa = XCBuildConfiguration;
			buildSettings = {
				ASSETCATALOG_COMPILER_APPICON_NAME = AppIcon;
				EMBEDDED_CONTENT_CONTAINS_SWIFT = YES;
				INFOPLIST_FILE = MidnightBacon/Info.plist;
				IPHONEOS_DEPLOYMENT_TARGET = 8.1;
				LD_RUNPATH_SEARCH_PATHS = "$(inherited) @executable_path/Frameworks";
				PRODUCT_NAME = "$(TARGET_NAME)";
			};
			name = Release;
		};
		E5BC96B419DC55E7006093AD /* Debug */ = {
			isa = XCBuildConfiguration;
			buildSettings = {
				BUNDLE_LOADER = "$(TEST_HOST)";
				FRAMEWORK_SEARCH_PATHS = (
					"$(SDKROOT)/Developer/Library/Frameworks",
					"$(inherited)",
				);
				GCC_PREPROCESSOR_DEFINITIONS = (
					"DEBUG=1",
					"$(inherited)",
				);
				INFOPLIST_FILE = MidnightBaconTests/Info.plist;
				LD_RUNPATH_SEARCH_PATHS = "$(inherited) @executable_path/Frameworks @loader_path/Frameworks";
				PRODUCT_NAME = "$(TARGET_NAME)";
				TEST_HOST = "$(BUILT_PRODUCTS_DIR)/MidnightBacon.app/MidnightBacon";
			};
			name = Debug;
		};
		E5BC96B519DC55E7006093AD /* Release */ = {
			isa = XCBuildConfiguration;
			buildSettings = {
				BUNDLE_LOADER = "$(TEST_HOST)";
				FRAMEWORK_SEARCH_PATHS = (
					"$(SDKROOT)/Developer/Library/Frameworks",
					"$(inherited)",
				);
				INFOPLIST_FILE = MidnightBaconTests/Info.plist;
				LD_RUNPATH_SEARCH_PATHS = "$(inherited) @executable_path/Frameworks @loader_path/Frameworks";
				PRODUCT_NAME = "$(TARGET_NAME)";
				TEST_HOST = "$(BUILT_PRODUCTS_DIR)/MidnightBacon.app/MidnightBacon";
			};
			name = Release;
		};
/* End XCBuildConfiguration section */

/* Begin XCConfigurationList section */
		E5BC968A19DC55E7006093AD /* Build configuration list for PBXProject "MidnightBacon" */ = {
			isa = XCConfigurationList;
			buildConfigurations = (
				E5BC96AE19DC55E7006093AD /* Debug */,
				E5BC96AF19DC55E7006093AD /* Release */,
			);
			defaultConfigurationIsVisible = 0;
			defaultConfigurationName = Release;
		};
		E5BC96B019DC55E7006093AD /* Build configuration list for PBXNativeTarget "MidnightBacon" */ = {
			isa = XCConfigurationList;
			buildConfigurations = (
				E5BC96B119DC55E7006093AD /* Debug */,
				E5BC96B219DC55E7006093AD /* Release */,
			);
			defaultConfigurationIsVisible = 0;
			defaultConfigurationName = Release;
		};
		E5BC96B319DC55E7006093AD /* Build configuration list for PBXNativeTarget "MidnightBaconTests" */ = {
			isa = XCConfigurationList;
			buildConfigurations = (
				E5BC96B419DC55E7006093AD /* Debug */,
				E5BC96B519DC55E7006093AD /* Release */,
			);
			defaultConfigurationIsVisible = 0;
			defaultConfigurationName = Release;
		};
/* End XCConfigurationList section */
	};
	rootObject = E5BC968719DC55E7006093AD /* Project object */;
}
